// !$*UTF8*$!
{
	archiveVersion = 1;
	classes = {
	};
	objectVersion = 50;
	objects = {

/* Begin PBXBuildFile section */
		96C3747324F9919900D9DAEE /* AppDelegate.swift in Sources */ = {isa = PBXBuildFile; fileRef = 96C3747224F9919900D9DAEE /* AppDelegate.swift */; };
		96C3747524F9919900D9DAEE /* SceneDelegate.swift in Sources */ = {isa = PBXBuildFile; fileRef = 96C3747424F9919900D9DAEE /* SceneDelegate.swift */; };
		96C3747724F9919900D9DAEE /* ViewController.swift in Sources */ = {isa = PBXBuildFile; fileRef = 96C3747624F9919900D9DAEE /* ViewController.swift */; };
		96C3747A24F9919900D9DAEE /* Main.storyboard in Resources */ = {isa = PBXBuildFile; fileRef = 96C3747824F9919900D9DAEE /* Main.storyboard */; };
		96C3747C24F9919D00D9DAEE /* Assets.xcassets in Resources */ = {isa = PBXBuildFile; fileRef = 96C3747B24F9919D00D9DAEE /* Assets.xcassets */; };
		96C3747F24F9919D00D9DAEE /* LaunchScreen.storyboard in Resources */ = {isa = PBXBuildFile; fileRef = 96C3747D24F9919D00D9DAEE /* LaunchScreen.storyboard */; };
		96C3748A24F9919D00D9DAEE /* wishlistTests.swift in Sources */ = {isa = PBXBuildFile; fileRef = 96C3748924F9919D00D9DAEE /* wishlistTests.swift */; };
/* End PBXBuildFile section */

/* Begin PBXContainerItemProxy section */
		96C3748624F9919D00D9DAEE /* PBXContainerItemProxy */ = {
			isa = PBXContainerItemProxy;
			containerPortal = 96C3746724F9919900D9DAEE /* Project object */;
			proxyType = 1;
			remoteGlobalIDString = 96C3746E24F9919900D9DAEE;
			remoteInfo = wishlist;
		};
/* End PBXContainerItemProxy section */

/* Begin PBXFileReference section */
		96C3746F24F9919900D9DAEE /* wishlist.app */ = {isa = PBXFileReference; explicitFileType = wrapper.application; includeInIndex = 0; path = wishlist.app; sourceTree = BUILT_PRODUCTS_DIR; };
		96C3747224F9919900D9DAEE /* AppDelegate.swift */ = {isa = PBXFileReference; lastKnownFileType = sourcecode.swift; path = AppDelegate.swift; sourceTree = "<group>"; };
		96C3747424F9919900D9DAEE /* SceneDelegate.swift */ = {isa = PBXFileReference; lastKnownFileType = sourcecode.swift; path = SceneDelegate.swift; sourceTree = "<group>"; };
		96C3747624F9919900D9DAEE /* ViewController.swift */ = {isa = PBXFileReference; lastKnownFileType = sourcecode.swift; path = ViewController.swift; sourceTree = "<group>"; };
		96C3747924F9919900D9DAEE /* Base */ = {isa = PBXFileReference; lastKnownFileType = file.storyboard; name = Base; path = Base.lproj/Main.storyboard; sourceTree = "<group>"; };
		96C3747B24F9919D00D9DAEE /* Assets.xcassets */ = {isa = PBXFileReference; lastKnownFileType = folder.assetcatalog; path = Assets.xcassets; sourceTree = "<group>"; };
		96C3747E24F9919D00D9DAEE /* Base */ = {isa = PBXFileReference; lastKnownFileType = file.storyboard; name = Base; path = Base.lproj/LaunchScreen.storyboard; sourceTree = "<group>"; };
		96C3748024F9919D00D9DAEE /* Info.plist */ = {isa = PBXFileReference; lastKnownFileType = text.plist.xml; path = Info.plist; sourceTree = "<group>"; };
		96C3748524F9919D00D9DAEE /* wishlistTests.xctest */ = {isa = PBXFileReference; explicitFileType = wrapper.cfbundle; includeInIndex = 0; path = wishlistTests.xctest; sourceTree = BUILT_PRODUCTS_DIR; };
		96C3748924F9919D00D9DAEE /* wishlistTests.swift */ = {isa = PBXFileReference; lastKnownFileType = sourcecode.swift; path = wishlistTests.swift; sourceTree = "<group>"; };
		96C3748B24F9919D00D9DAEE /* Info.plist */ = {isa = PBXFileReference; lastKnownFileType = text.plist.xml; path = Info.plist; sourceTree = "<group>"; };
/* End PBXFileReference section */

/* Begin PBXFrameworksBuildPhase section */
		96C3746C24F9919900D9DAEE /* Frameworks */ = {
			isa = PBXFrameworksBuildPhase;
			buildActionMask = 2147483647;
			files = (
			);
			runOnlyForDeploymentPostprocessing = 0;
		};
		96C3748224F9919D00D9DAEE /* Frameworks */ = {
			isa = PBXFrameworksBuildPhase;
			buildActionMask = 2147483647;
			files = (
			);
			runOnlyForDeploymentPostprocessing = 0;
		};
/* End PBXFrameworksBuildPhase section */

/* Begin PBXGroup section */
		96C3746624F9919900D9DAEE = {
			isa = PBXGroup;
			children = (
				96C3747124F9919900D9DAEE /* wishlist */,
				96C3748824F9919D00D9DAEE /* wishlistTests */,
				96C3747024F9919900D9DAEE /* Products */,
			);
			sourceTree = "<group>";
		};
		96C3747024F9919900D9DAEE /* Products */ = {
			isa = PBXGroup;
			children = (
				96C3746F24F9919900D9DAEE /* wishlist.app */,
				96C3748524F9919D00D9DAEE /* wishlistTests.xctest */,
			);
			name = Products;
			sourceTree = "<group>";
		};
		96C3747124F9919900D9DAEE /* wishlist */ = {
			isa = PBXGroup;
			children = (
				96C3747224F9919900D9DAEE /* AppDelegate.swift */,
				96C3747424F9919900D9DAEE /* SceneDelegate.swift */,
				96C3747624F9919900D9DAEE /* ViewController.swift */,
				96C3747824F9919900D9DAEE /* Main.storyboard */,
				96C3747B24F9919D00D9DAEE /* Assets.xcassets */,
				96C3747D24F9919D00D9DAEE /* LaunchScreen.storyboard */,
				96C3748024F9919D00D9DAEE /* Info.plist */,
			);
			path = wishlist;
			sourceTree = "<group>";
		};
		96C3748824F9919D00D9DAEE /* wishlistTests */ = {
			isa = PBXGroup;
			children = (
				96C3748924F9919D00D9DAEE /* wishlistTests.swift */,
				96C3748B24F9919D00D9DAEE /* Info.plist */,
			);
			path = wishlistTests;
			sourceTree = "<group>";
		};
/* End PBXGroup section */

/* Begin PBXNativeTarget section */
		96C3746E24F9919900D9DAEE /* wishlist */ = {
			isa = PBXNativeTarget;
			buildConfigurationList = 96C3748E24F9919D00D9DAEE /* Build configuration list for PBXNativeTarget "wishlist" */;
			buildPhases = (
				96C3746B24F9919900D9DAEE /* Sources */,
				96C3746C24F9919900D9DAEE /* Frameworks */,
				96C3746D24F9919900D9DAEE /* Resources */,
			);
			buildRules = (
			);
			dependencies = (
			);
			name = wishlist;
			productName = wishlist;
			productReference = 96C3746F24F9919900D9DAEE /* wishlist.app */;
			productType = "com.apple.product-type.application";
		};
		96C3748424F9919D00D9DAEE /* wishlistTests */ = {
			isa = PBXNativeTarget;
			buildConfigurationList = 96C3749124F9919D00D9DAEE /* Build configuration list for PBXNativeTarget "wishlistTests" */;
			buildPhases = (
				96C3748124F9919D00D9DAEE /* Sources */,
				96C3748224F9919D00D9DAEE /* Frameworks */,
				96C3748324F9919D00D9DAEE /* Resources */,
			);
			buildRules = (
			);
			dependencies = (
				96C3748724F9919D00D9DAEE /* PBXTargetDependency */,
			);
			name = wishlistTests;
			productName = wishlistTests;
			productReference = 96C3748524F9919D00D9DAEE /* wishlistTests.xctest */;
			productType = "com.apple.product-type.bundle.unit-test";
		};
/* End PBXNativeTarget section */

/* Begin PBXProject section */
		96C3746724F9919900D9DAEE /* Project object */ = {
			isa = PBXProject;
			attributes = {
				LastSwiftUpdateCheck = 1140;
				LastUpgradeCheck = 1140;
				ORGANIZATIONNAME = "Jerilyn Gonçalves";
				TargetAttributes = {
					96C3746E24F9919900D9DAEE = {
						CreatedOnToolsVersion = 11.4.1;
					};
					96C3748424F9919D00D9DAEE = {
						CreatedOnToolsVersion = 11.4.1;
						TestTargetID = 96C3746E24F9919900D9DAEE;
					};
				};
			};
			buildConfigurationList = 96C3746A24F9919900D9DAEE /* Build configuration list for PBXProject "wishlist" */;
			compatibilityVersion = "Xcode 9.3";
			developmentRegion = en;
			hasScannedForEncodings = 0;
			knownRegions = (
				en,
				Base,
			);
			mainGroup = 96C3746624F9919900D9DAEE;
			productRefGroup = 96C3747024F9919900D9DAEE /* Products */;
			projectDirPath = "";
			projectRoot = "";
			targets = (
				96C3746E24F9919900D9DAEE /* wishlist */,
				96C3748424F9919D00D9DAEE /* wishlistTests */,
			);
		};
/* End PBXProject section */

/* Begin PBXResourcesBuildPhase section */
		96C3746D24F9919900D9DAEE /* Resources */ = {
			isa = PBXResourcesBuildPhase;
			buildActionMask = 2147483647;
			files = (
				96C3747F24F9919D00D9DAEE /* LaunchScreen.storyboard in Resources */,
				96C3747C24F9919D00D9DAEE /* Assets.xcassets in Resources */,
				96C3747A24F9919900D9DAEE /* Main.storyboard in Resources */,
			);
			runOnlyForDeploymentPostprocessing = 0;
		};
		96C3748324F9919D00D9DAEE /* Resources */ = {
			isa = PBXResourcesBuildPhase;
			buildActionMask = 2147483647;
			files = (
			);
			runOnlyForDeploymentPostprocessing = 0;
		};
/* End PBXResourcesBuildPhase section */

/* Begin PBXSourcesBuildPhase section */
		96C3746B24F9919900D9DAEE /* Sources */ = {
			isa = PBXSourcesBuildPhase;
			buildActionMask = 2147483647;
			files = (
				96C3747724F9919900D9DAEE /* ViewController.swift in Sources */,
				96C3747324F9919900D9DAEE /* AppDelegate.swift in Sources */,
				96C3747524F9919900D9DAEE /* SceneDelegate.swift in Sources */,
			);
			runOnlyForDeploymentPostprocessing = 0;
		};
		96C3748124F9919D00D9DAEE /* Sources */ = {
			isa = PBXSourcesBuildPhase;
			buildActionMask = 2147483647;
			files = (
				96C3748A24F9919D00D9DAEE /* wishlistTests.swift in Sources */,
			);
			runOnlyForDeploymentPostprocessing = 0;
		};
/* End PBXSourcesBuildPhase section */

/* Begin PBXTargetDependency section */
		96C3748724F9919D00D9DAEE /* PBXTargetDependency */ = {
			isa = PBXTargetDependency;
			target = 96C3746E24F9919900D9DAEE /* wishlist */;
			targetProxy = 96C3748624F9919D00D9DAEE /* PBXContainerItemProxy */;
		};
/* End PBXTargetDependency section */

/* Begin PBXVariantGroup section */
		96C3747824F9919900D9DAEE /* Main.storyboard */ = {
			isa = PBXVariantGroup;
			children = (
				96C3747924F9919900D9DAEE /* Base */,
			);
			name = Main.storyboard;
			sourceTree = "<group>";
		};
		96C3747D24F9919D00D9DAEE /* LaunchScreen.storyboard */ = {
			isa = PBXVariantGroup;
			children = (
				96C3747E24F9919D00D9DAEE /* Base */,
			);
			name = LaunchScreen.storyboard;
			sourceTree = "<group>";
		};
/* End PBXVariantGroup section */

/* Begin XCBuildConfiguration section */
		96C3748C24F9919D00D9DAEE /* Debug */ = {
			isa = XCBuildConfiguration;
			buildSettings = {
				ALWAYS_SEARCH_USER_PATHS = NO;
				CLANG_ANALYZER_NONNULL = YES;
				CLANG_ANALYZER_NUMBER_OBJECT_CONVERSION = YES_AGGRESSIVE;
				CLANG_CXX_LANGUAGE_STANDARD = "gnu++14";
				CLANG_CXX_LIBRARY = "libc++";
				CLANG_ENABLE_MODULES = YES;
				CLANG_ENABLE_OBJC_ARC = YES;
				CLANG_ENABLE_OBJC_WEAK = YES;
				CLANG_WARN_BLOCK_CAPTURE_AUTORELEASING = YES;
				CLANG_WARN_BOOL_CONVERSION = YES;
				CLANG_WARN_COMMA = YES;
				CLANG_WARN_CONSTANT_CONVERSION = YES;
				CLANG_WARN_DEPRECATED_OBJC_IMPLEMENTATIONS = YES;
				CLANG_WARN_DIRECT_OBJC_ISA_USAGE = YES_ERROR;
				CLANG_WARN_DOCUMENTATION_COMMENTS = YES;
				CLANG_WARN_EMPTY_BODY = YES;
				CLANG_WARN_ENUM_CONVERSION = YES;
				CLANG_WARN_INFINITE_RECURSION = YES;
				CLANG_WARN_INT_CONVERSION = YES;
				CLANG_WARN_NON_LITERAL_NULL_CONVERSION = YES;
				CLANG_WARN_OBJC_IMPLICIT_RETAIN_SELF = YES;
				CLANG_WARN_OBJC_LITERAL_CONVERSION = YES;
				CLANG_WARN_OBJC_ROOT_CLASS = YES_ERROR;
				CLANG_WARN_RANGE_LOOP_ANALYSIS = YES;
				CLANG_WARN_STRICT_PROTOTYPES = YES;
				CLANG_WARN_SUSPICIOUS_MOVE = YES;
				CLANG_WARN_UNGUARDED_AVAILABILITY = YES_AGGRESSIVE;
				CLANG_WARN_UNREACHABLE_CODE = YES;
				CLANG_WARN__DUPLICATE_METHOD_MATCH = YES;
				COPY_PHASE_STRIP = NO;
				DEBUG_INFORMATION_FORMAT = dwarf;
				ENABLE_STRICT_OBJC_MSGSEND = YES;
				ENABLE_TESTABILITY = YES;
				GCC_C_LANGUAGE_STANDARD = gnu11;
				GCC_DYNAMIC_NO_PIC = NO;
				GCC_NO_COMMON_BLOCKS = YES;
				GCC_OPTIMIZATION_LEVEL = 0;
				GCC_PREPROCESSOR_DEFINITIONS = (
					"DEBUG=1",
					"$(inherited)",
				);
				GCC_WARN_64_TO_32_BIT_CONVERSION = YES;
				GCC_WARN_ABOUT_RETURN_TYPE = YES_ERROR;
				GCC_WARN_UNDECLARED_SELECTOR = YES;
				GCC_WARN_UNINITIALIZED_AUTOS = YES_AGGRESSIVE;
				GCC_WARN_UNUSED_FUNCTION = YES;
				GCC_WARN_UNUSED_VARIABLE = YES;
				IPHONEOS_DEPLOYMENT_TARGET = 13.4;
				MTL_ENABLE_DEBUG_INFO = INCLUDE_SOURCE;
				MTL_FAST_MATH = YES;
				ONLY_ACTIVE_ARCH = YES;
				SDKROOT = iphoneos;
				SWIFT_ACTIVE_COMPILATION_CONDITIONS = DEBUG;
				SWIFT_OPTIMIZATION_LEVEL = "-Onone";
			};
			name = Debug;
		};
		96C3748D24F9919D00D9DAEE /* Release */ = {
			isa = XCBuildConfiguration;
			buildSettings = {
				ALWAYS_SEARCH_USER_PATHS = NO;
				CLANG_ANALYZER_NONNULL = YES;
				CLANG_ANALYZER_NUMBER_OBJECT_CONVERSION = YES_AGGRESSIVE;
				CLANG_CXX_LANGUAGE_STANDARD = "gnu++14";
				CLANG_CXX_LIBRARY = "libc++";
				CLANG_ENABLE_MODULES = YES;
				CLANG_ENABLE_OBJC_ARC = YES;
				CLANG_ENABLE_OBJC_WEAK = YES;
				CLANG_WARN_BLOCK_CAPTURE_AUTORELEASING = YES;
				CLANG_WARN_BOOL_CONVERSION = YES;
				CLANG_WARN_COMMA = YES;
				CLANG_WARN_CONSTANT_CONVERSION = YES;
				CLANG_WARN_DEPRECATED_OBJC_IMPLEMENTATIONS = YES;
				CLANG_WARN_DIRECT_OBJC_ISA_USAGE = YES_ERROR;
				CLANG_WARN_DOCUMENTATION_COMMENTS = YES;
				CLANG_WARN_EMPTY_BODY = YES;
				CLANG_WARN_ENUM_CONVERSION = YES;
				CLANG_WARN_INFINITE_RECURSION = YES;
				CLANG_WARN_INT_CONVERSION = YES;
				CLANG_WARN_NON_LITERAL_NULL_CONVERSION = YES;
				CLANG_WARN_OBJC_IMPLICIT_RETAIN_SELF = YES;
				CLANG_WARN_OBJC_LITERAL_CONVERSION = YES;
				CLANG_WARN_OBJC_ROOT_CLASS = YES_ERROR;
				CLANG_WARN_RANGE_LOOP_ANALYSIS = YES;
				CLANG_WARN_STRICT_PROTOTYPES = YES;
				CLANG_WARN_SUSPICIOUS_MOVE = YES;
				CLANG_WARN_UNGUARDED_AVAILABILITY = YES_AGGRESSIVE;
				CLANG_WARN_UNREACHABLE_CODE = YES;
				CLANG_WARN__DUPLICATE_METHOD_MATCH = YES;
				COPY_PHASE_STRIP = NO;
				DEBUG_INFORMATION_FORMAT = "dwarf-with-dsym";
				ENABLE_NS_ASSERTIONS = NO;
				ENABLE_STRICT_OBJC_MSGSEND = YES;
				GCC_C_LANGUAGE_STANDARD = gnu11;
				GCC_NO_COMMON_BLOCKS = YES;
				GCC_WARN_64_TO_32_BIT_CONVERSION = YES;
				GCC_WARN_ABOUT_RETURN_TYPE = YES_ERROR;
				GCC_WARN_UNDECLARED_SELECTOR = YES;
				GCC_WARN_UNINITIALIZED_AUTOS = YES_AGGRESSIVE;
				GCC_WARN_UNUSED_FUNCTION = YES;
				GCC_WARN_UNUSED_VARIABLE = YES;
				IPHONEOS_DEPLOYMENT_TARGET = 13.4;
				MTL_ENABLE_DEBUG_INFO = NO;
				MTL_FAST_MATH = YES;
				SDKROOT = iphoneos;
				SWIFT_COMPILATION_MODE = wholemodule;
				SWIFT_OPTIMIZATION_LEVEL = "-O";
				VALIDATE_PRODUCT = YES;
			};
			name = Release;
		};
		96C3748F24F9919D00D9DAEE /* Debug */ = {
			isa = XCBuildConfiguration;
			buildSettings = {
				ASSETCATALOG_COMPILER_APPICON_NAME = AppIcon;
				CODE_SIGN_STYLE = Automatic;
				DEVELOPMENT_TEAM = KG2RNVFZX3;
				INFOPLIST_FILE = wishlist/Info.plist;
				IPHONEOS_DEPLOYMENT_TARGET = 13.0;
				LD_RUNPATH_SEARCH_PATHS = (
					"$(inherited)",
					"@executable_path/Frameworks",
				);
				PRODUCT_BUNDLE_IDENTIFIER = com.jerilyn.goncalves.wishlist;
				PRODUCT_NAME = "$(TARGET_NAME)";
				SWIFT_VERSION = 5.0;
				TARGETED_DEVICE_FAMILY = 1;
			};
			name = Debug;
		};
		96C3749024F9919D00D9DAEE /* Release */ = {
			isa = XCBuildConfiguration;
			buildSettings = {
				ASSETCATALOG_COMPILER_APPICON_NAME = AppIcon;
				CODE_SIGN_STYLE = Automatic;
				DEVELOPMENT_TEAM = KG2RNVFZX3;
				INFOPLIST_FILE = wishlist/Info.plist;
				IPHONEOS_DEPLOYMENT_TARGET = 13.0;
				LD_RUNPATH_SEARCH_PATHS = (
					"$(inherited)",
					"@executable_path/Frameworks",
				);
				PRODUCT_BUNDLE_IDENTIFIER = com.jerilyn.goncalves.wishlist;
				PRODUCT_NAME = "$(TARGET_NAME)";
				SWIFT_VERSION = 5.0;
				TARGETED_DEVICE_FAMILY = 1;
			};
			name = Release;
		};
		96C3749224F9919D00D9DAEE /* Debug */ = {
			isa = XCBuildConfiguration;
			buildSettings = {
				ALWAYS_EMBED_SWIFT_STANDARD_LIBRARIES = YES;
				BUNDLE_LOADER = "$(TEST_HOST)";
				CODE_SIGN_STYLE = Automatic;
				DEVELOPMENT_TEAM = KG2RNVFZX3;
				INFOPLIST_FILE = wishlistTests/Info.plist;
				IPHONEOS_DEPLOYMENT_TARGET = 13.4;
				LD_RUNPATH_SEARCH_PATHS = (
					"$(inherited)",
					"@executable_path/Frameworks",
					"@loader_path/Frameworks",
				);
				PRODUCT_BUNDLE_IDENTIFIER = com.jerilyn.goncalves.wishlistTests;
				PRODUCT_NAME = "$(TARGET_NAME)";
				SWIFT_VERSION = 5.0;
				TARGETED_DEVICE_FAMILY = "1,2";
				TEST_HOST = "$(BUILT_PRODUCTS_DIR)/wishlist.app/wishlist";
			};
			name = Debug;
		};
		96C3749324F9919D00D9DAEE /* Release */ = {
			isa = XCBuildConfiguration;
			buildSettings = {
				ALWAYS_EMBED_SWIFT_STANDARD_LIBRARIES = YES;
				BUNDLE_LOADER = "$(TEST_HOST)";
				CODE_SIGN_STYLE = Automatic;
				DEVELOPMENT_TEAM = KG2RNVFZX3;
				INFOPLIST_FILE = wishlistTests/Info.plist;
				IPHONEOS_DEPLOYMENT_TARGET = 13.4;
				LD_RUNPATH_SEARCH_PATHS = (
					"$(inherited)",
					"@executable_path/Frameworks",
					"@loader_path/Frameworks",
				);
				PRODUCT_BUNDLE_IDENTIFIER = com.jerilyn.goncalves.wishlistTests;
				PRODUCT_NAME = "$(TARGET_NAME)";
				SWIFT_VERSION = 5.0;
				TARGETED_DEVICE_FAMILY = "1,2";
				TEST_HOST = "$(BUILT_PRODUCTS_DIR)/wishlist.app/wishlist";
			};
			name = Release;
		};
/* End XCBuildConfiguration section */

/* Begin XCConfigurationList section */
		96C3746A24F9919900D9DAEE /* Build configuration list for PBXProject "wishlist" */ = {
			isa = XCConfigurationList;
			buildConfigurations = (
				96C3748C24F9919D00D9DAEE /* Debug */,
				96C3748D24F9919D00D9DAEE /* Release */,
			);
			defaultConfigurationIsVisible = 0;
			defaultConfigurationName = Release;
		};
		96C3748E24F9919D00D9DAEE /* Build configuration list for PBXNativeTarget "wishlist" */ = {
			isa = XCConfigurationList;
			buildConfigurations = (
				96C3748F24F9919D00D9DAEE /* Debug */,
				96C3749024F9919D00D9DAEE /* Release */,
			);
			defaultConfigurationIsVisible = 0;
			defaultConfigurationName = Release;
		};
		96C3749124F9919D00D9DAEE /* Build configuration list for PBXNativeTarget "wishlistTests" */ = {
			isa = XCConfigurationList;
			buildConfigurations = (
				96C3749224F9919D00D9DAEE /* Debug */,
				96C3749324F9919D00D9DAEE /* Release */,
			);
			defaultConfigurationIsVisible = 0;
			defaultConfigurationName = Release;
		};
/* End XCConfigurationList section */
	};
	rootObject = 96C3746724F9919900D9DAEE /* Project object */;
}
