// !$*UTF8*$!
{
	archiveVersion = 1;
	classes = {
	};
	objectVersion = 52;
	objects = {

/* Begin PBXBuildFile section */
		96919E08250038E2004A99C0 /* LoadingView.swift in Sources */ = {isa = PBXBuildFile; fileRef = 96919E07250038E2004A99C0 /* LoadingView.swift */; };
		96919E0A250038F0004A99C0 /* LoadingView.xib in Resources */ = {isa = PBXBuildFile; fileRef = 96919E09250038F0004A99C0 /* LoadingView.xib */; };
		96919E0C250039C4004A99C0 /* UIView.swift in Sources */ = {isa = PBXBuildFile; fileRef = 96919E0B250039C4004A99C0 /* UIView.swift */; };
		96A6AEF42500DB1A006F0B66 /* ProductDetailSpec.swift in Sources */ = {isa = PBXBuildFile; fileRef = 96A6AEF32500DB1A006F0B66 /* ProductDetailSpec.swift */; };
		96A6AEF62500DB2C006F0B66 /* ProductDetailViewMock.swift in Sources */ = {isa = PBXBuildFile; fileRef = 96A6AEF52500DB2C006F0B66 /* ProductDetailViewMock.swift */; };
		96A6AEF92500DB56006F0B66 /* UpdateProductSpec.swift in Sources */ = {isa = PBXBuildFile; fileRef = 96A6AEF82500DB56006F0B66 /* UpdateProductSpec.swift */; };
		96A6AEFB2500DB69006F0B66 /* UpdateProductViewMock.swift in Sources */ = {isa = PBXBuildFile; fileRef = 96A6AEFA2500DB69006F0B66 /* UpdateProductViewMock.swift */; };
		96A6AF002500E301006F0B66 /* product_success.json in Resources */ = {isa = PBXBuildFile; fileRef = 96A6AEFE2500E301006F0B66 /* product_success.json */; };
		96A6AF012500E301006F0B66 /* product_failure.json in Resources */ = {isa = PBXBuildFile; fileRef = 96A6AEFF2500E301006F0B66 /* product_failure.json */; };
		96A6AF062500E36B006F0B66 /* update_product_failure.json in Resources */ = {isa = PBXBuildFile; fileRef = 96A6AF022500E36B006F0B66 /* update_product_failure.json */; };
		96A6AF072500E36B006F0B66 /* create_product_failure.json in Resources */ = {isa = PBXBuildFile; fileRef = 96A6AF032500E36B006F0B66 /* create_product_failure.json */; };
		96A6AF082500E36B006F0B66 /* create_product_success.json in Resources */ = {isa = PBXBuildFile; fileRef = 96A6AF042500E36B006F0B66 /* create_product_success.json */; };
		96A6AF092500E36B006F0B66 /* update_product_success.json in Resources */ = {isa = PBXBuildFile; fileRef = 96A6AF052500E36B006F0B66 /* update_product_success.json */; };
		96A6AF0C2500E4C5006F0B66 /* remove_product_failure.json in Resources */ = {isa = PBXBuildFile; fileRef = 96A6AF0A2500E4C5006F0B66 /* remove_product_failure.json */; };
		96A6AF0D2500E4C5006F0B66 /* remove_product_success.json in Resources */ = {isa = PBXBuildFile; fileRef = 96A6AF0B2500E4C5006F0B66 /* remove_product_success.json */; };
		96C3747324F9919900D9DAEE /* AppDelegate.swift in Sources */ = {isa = PBXBuildFile; fileRef = 96C3747224F9919900D9DAEE /* AppDelegate.swift */; };
		96C3747724F9919900D9DAEE /* ProductsVC.swift in Sources */ = {isa = PBXBuildFile; fileRef = 96C3747624F9919900D9DAEE /* ProductsVC.swift */; };
		96C3747A24F9919900D9DAEE /* Products.storyboard in Resources */ = {isa = PBXBuildFile; fileRef = 96C3747824F9919900D9DAEE /* Products.storyboard */; };
		96C3747C24F9919D00D9DAEE /* Assets.xcassets in Resources */ = {isa = PBXBuildFile; fileRef = 96C3747B24F9919D00D9DAEE /* Assets.xcassets */; };
		96C3747F24F9919D00D9DAEE /* LaunchScreen.storyboard in Resources */ = {isa = PBXBuildFile; fileRef = 96C3747D24F9919D00D9DAEE /* LaunchScreen.storyboard */; };
		96C3749824F997A200D9DAEE /* Config.swift in Sources */ = {isa = PBXBuildFile; fileRef = 96C3749724F997A200D9DAEE /* Config.swift */; };
		96C3749A24F9980E00D9DAEE /* Constants.swift in Sources */ = {isa = PBXBuildFile; fileRef = 96C3749924F9980E00D9DAEE /* Constants.swift */; };
		96C3749C24F998A800D9DAEE /* Endpoints.swift in Sources */ = {isa = PBXBuildFile; fileRef = 96C3749B24F998A800D9DAEE /* Endpoints.swift */; };
		96C3749F24F998F200D9DAEE /* Builder.swift in Sources */ = {isa = PBXBuildFile; fileRef = 96C3749E24F998F200D9DAEE /* Builder.swift */; };
		96C374AA24F99A4700D9DAEE /* Nuke in Frameworks */ = {isa = PBXBuildFile; productRef = 96C374A924F99A4700D9DAEE /* Nuke */; };
		96C374AE24FA914200D9DAEE /* Response.swift in Sources */ = {isa = PBXBuildFile; fileRef = 96C374AC24FA914200D9DAEE /* Response.swift */; };
		96C374AF24FA914200D9DAEE /* Request.swift in Sources */ = {isa = PBXBuildFile; fileRef = 96C374AD24FA914200D9DAEE /* Request.swift */; };
		96C374B124FA92C400D9DAEE /* RequestLogger.swift in Sources */ = {isa = PBXBuildFile; fileRef = 96C374B024FA92C400D9DAEE /* RequestLogger.swift */; };
		96C374B824FAB46000D9DAEE /* Product.swift in Sources */ = {isa = PBXBuildFile; fileRef = 96C374B724FAB46000D9DAEE /* Product.swift */; };
		96C374BB24FAB57000D9DAEE /* ProductService.swift in Sources */ = {isa = PBXBuildFile; fileRef = 96C374BA24FAB57000D9DAEE /* ProductService.swift */; };
		96C374BE24FABC8300D9DAEE /* JSONDecoder.swift in Sources */ = {isa = PBXBuildFile; fileRef = 96C374BD24FABC8300D9DAEE /* JSONDecoder.swift */; };
		96C374C124FABEF800D9DAEE /* ProductInteractor.swift in Sources */ = {isa = PBXBuildFile; fileRef = 96C374C024FABEF800D9DAEE /* ProductInteractor.swift */; };
		96C374C524FAC13200D9DAEE /* Instantiable.swift in Sources */ = {isa = PBXBuildFile; fileRef = 96C374C424FAC13200D9DAEE /* Instantiable.swift */; };
		96C374C724FAC5E000D9DAEE /* AppController.swift in Sources */ = {isa = PBXBuildFile; fileRef = 96C374C624FAC5E000D9DAEE /* AppController.swift */; };
		96C374C924FAC6C800D9DAEE /* AppWireframe.swift in Sources */ = {isa = PBXBuildFile; fileRef = 96C374C824FAC6C800D9DAEE /* AppWireframe.swift */; };
		96C374CB24FAC71B00D9DAEE /* ProductsWireframe.swift in Sources */ = {isa = PBXBuildFile; fileRef = 96C374CA24FAC71B00D9DAEE /* ProductsWireframe.swift */; };
		96C374CD24FAC85D00D9DAEE /* ProductsPresenter.swift in Sources */ = {isa = PBXBuildFile; fileRef = 96C374CC24FAC85D00D9DAEE /* ProductsPresenter.swift */; };
		96C374CF24FADE8200D9DAEE /* ProductCell.swift in Sources */ = {isa = PBXBuildFile; fileRef = 96C374CE24FADE8200D9DAEE /* ProductCell.swift */; };
		96C374D424FBCE9900D9DAEE /* ProductDetailVC.swift in Sources */ = {isa = PBXBuildFile; fileRef = 96C374D324FBCE9900D9DAEE /* ProductDetailVC.swift */; };
		96C374D624FBCEBA00D9DAEE /* ProductDetailPresenter.swift in Sources */ = {isa = PBXBuildFile; fileRef = 96C374D524FBCEBA00D9DAEE /* ProductDetailPresenter.swift */; };
		96C374DB24FBCF9400D9DAEE /* UpdateProductPresenter.swift in Sources */ = {isa = PBXBuildFile; fileRef = 96C374DA24FBCF9400D9DAEE /* UpdateProductPresenter.swift */; };
		96C374DD24FBCF9F00D9DAEE /* UpdateProductVC.swift in Sources */ = {isa = PBXBuildFile; fileRef = 96C374DC24FBCF9F00D9DAEE /* UpdateProductVC.swift */; };
		96C374DF24FBD12B00D9DAEE /* Colors.swift in Sources */ = {isa = PBXBuildFile; fileRef = 96C374DE24FBD12B00D9DAEE /* Colors.swift */; };
		96C374E124FBE3AD00D9DAEE /* TimeInterval.swift in Sources */ = {isa = PBXBuildFile; fileRef = 96C374E024FBE3AC00D9DAEE /* TimeInterval.swift */; };
		96C374E424FC13F200D9DAEE /* Nimble in Frameworks */ = {isa = PBXBuildFile; productRef = 96C374E324FC13F200D9DAEE /* Nimble */; };
		96C374E724FC140B00D9DAEE /* Quick in Frameworks */ = {isa = PBXBuildFile; productRef = 96C374E624FC140B00D9DAEE /* Quick */; };
		96C374F124FC15D000D9DAEE /* OHHTTPStubs in Frameworks */ = {isa = PBXBuildFile; productRef = 96C374F024FC15D000D9DAEE /* OHHTTPStubs */; };
		96C374F324FC15D000D9DAEE /* OHHTTPStubsSwift in Frameworks */ = {isa = PBXBuildFile; productRef = 96C374F224FC15D000D9DAEE /* OHHTTPStubsSwift */; };
		96C374F624FC160200D9DAEE /* StubResponse.swift in Sources */ = {isa = PBXBuildFile; fileRef = 96C374F524FC160200D9DAEE /* StubResponse.swift */; };
		96C374F724FC17D000D9DAEE /* products_success.json in Resources */ = {isa = PBXBuildFile; fileRef = 96C374EB24FC14AD00D9DAEE /* products_success.json */; };
		96C374F824FC17D000D9DAEE /* products_failure.json in Resources */ = {isa = PBXBuildFile; fileRef = 96C374ED24FC14BD00D9DAEE /* products_failure.json */; };
		96C374FA24FC180300D9DAEE /* StubModel.swift in Sources */ = {isa = PBXBuildFile; fileRef = 96C374F924FC180300D9DAEE /* StubModel.swift */; };
		96C3750124FC1B0A00D9DAEE /* ProductsSpec.swift in Sources */ = {isa = PBXBuildFile; fileRef = 96C3750024FC1B0A00D9DAEE /* ProductsSpec.swift */; };
		96C3750424FC1B5E00D9DAEE /* ProductsWireframeMock.swift in Sources */ = {isa = PBXBuildFile; fileRef = 96C3750324FC1B5E00D9DAEE /* ProductsWireframeMock.swift */; };
		96C3750724FC1D5B00D9DAEE /* ProductsViewMock.swift in Sources */ = {isa = PBXBuildFile; fileRef = 96C3750624FC1D5B00D9DAEE /* ProductsViewMock.swift */; };
		96C3750B24FC1F7E00D9DAEE /* StubBuilder.swift in Sources */ = {isa = PBXBuildFile; fileRef = 96C3750A24FC1F7E00D9DAEE /* StubBuilder.swift */; };
		96C3750C24FC202A00D9DAEE /* Endpoints.swift in Sources */ = {isa = PBXBuildFile; fileRef = 96C3749B24F998A800D9DAEE /* Endpoints.swift */; };
/* End PBXBuildFile section */

/* Begin PBXContainerItemProxy section */
		96C3748624F9919D00D9DAEE /* PBXContainerItemProxy */ = {
			isa = PBXContainerItemProxy;
			containerPortal = 96C3746724F9919900D9DAEE /* Project object */;
			proxyType = 1;
			remoteGlobalIDString = 96C3746E24F9919900D9DAEE;
			remoteInfo = wishlist;
		};
/* End PBXContainerItemProxy section */

/* Begin PBXFileReference section */
		96919E07250038E2004A99C0 /* LoadingView.swift */ = {isa = PBXFileReference; lastKnownFileType = sourcecode.swift; path = LoadingView.swift; sourceTree = "<group>"; };
		96919E09250038F0004A99C0 /* LoadingView.xib */ = {isa = PBXFileReference; lastKnownFileType = file.xib; path = LoadingView.xib; sourceTree = "<group>"; };
		96919E0B250039C4004A99C0 /* UIView.swift */ = {isa = PBXFileReference; lastKnownFileType = sourcecode.swift; path = UIView.swift; sourceTree = "<group>"; };
		96A6AEF32500DB1A006F0B66 /* ProductDetailSpec.swift */ = {isa = PBXFileReference; lastKnownFileType = sourcecode.swift; path = ProductDetailSpec.swift; sourceTree = "<group>"; };
		96A6AEF52500DB2C006F0B66 /* ProductDetailViewMock.swift */ = {isa = PBXFileReference; lastKnownFileType = sourcecode.swift; path = ProductDetailViewMock.swift; sourceTree = "<group>"; };
		96A6AEF82500DB56006F0B66 /* UpdateProductSpec.swift */ = {isa = PBXFileReference; lastKnownFileType = sourcecode.swift; path = UpdateProductSpec.swift; sourceTree = "<group>"; };
		96A6AEFA2500DB69006F0B66 /* UpdateProductViewMock.swift */ = {isa = PBXFileReference; lastKnownFileType = sourcecode.swift; path = UpdateProductViewMock.swift; sourceTree = "<group>"; };
		96A6AEFE2500E301006F0B66 /* product_success.json */ = {isa = PBXFileReference; fileEncoding = 4; lastKnownFileType = text.json; path = product_success.json; sourceTree = "<group>"; };
		96A6AEFF2500E301006F0B66 /* product_failure.json */ = {isa = PBXFileReference; fileEncoding = 4; lastKnownFileType = text.json; path = product_failure.json; sourceTree = "<group>"; };
		96A6AF022500E36B006F0B66 /* update_product_failure.json */ = {isa = PBXFileReference; fileEncoding = 4; lastKnownFileType = text.json; path = update_product_failure.json; sourceTree = "<group>"; };
		96A6AF032500E36B006F0B66 /* create_product_failure.json */ = {isa = PBXFileReference; fileEncoding = 4; lastKnownFileType = text.json; path = create_product_failure.json; sourceTree = "<group>"; };
		96A6AF042500E36B006F0B66 /* create_product_success.json */ = {isa = PBXFileReference; fileEncoding = 4; lastKnownFileType = text.json; path = create_product_success.json; sourceTree = "<group>"; };
		96A6AF052500E36B006F0B66 /* update_product_success.json */ = {isa = PBXFileReference; fileEncoding = 4; lastKnownFileType = text.json; path = update_product_success.json; sourceTree = "<group>"; };
		96A6AF0A2500E4C5006F0B66 /* remove_product_failure.json */ = {isa = PBXFileReference; fileEncoding = 4; lastKnownFileType = text.json; path = remove_product_failure.json; sourceTree = "<group>"; };
		96A6AF0B2500E4C5006F0B66 /* remove_product_success.json */ = {isa = PBXFileReference; fileEncoding = 4; lastKnownFileType = text.json; path = remove_product_success.json; sourceTree = "<group>"; };
		96C3746F24F9919900D9DAEE /* wishlist.app */ = {isa = PBXFileReference; explicitFileType = wrapper.application; includeInIndex = 0; path = wishlist.app; sourceTree = BUILT_PRODUCTS_DIR; };
		96C3747224F9919900D9DAEE /* AppDelegate.swift */ = {isa = PBXFileReference; lastKnownFileType = sourcecode.swift; path = AppDelegate.swift; sourceTree = "<group>"; };
		96C3747624F9919900D9DAEE /* ProductsVC.swift */ = {isa = PBXFileReference; lastKnownFileType = sourcecode.swift; path = ProductsVC.swift; sourceTree = "<group>"; };
		96C3747924F9919900D9DAEE /* Base */ = {isa = PBXFileReference; lastKnownFileType = file.storyboard; name = Base; path = Base.lproj/Products.storyboard; sourceTree = "<group>"; };
		96C3747B24F9919D00D9DAEE /* Assets.xcassets */ = {isa = PBXFileReference; lastKnownFileType = folder.assetcatalog; path = Assets.xcassets; sourceTree = "<group>"; };
		96C3747E24F9919D00D9DAEE /* Base */ = {isa = PBXFileReference; lastKnownFileType = file.storyboard; name = Base; path = Base.lproj/LaunchScreen.storyboard; sourceTree = "<group>"; };
		96C3748024F9919D00D9DAEE /* Info.plist */ = {isa = PBXFileReference; lastKnownFileType = text.plist.xml; path = Info.plist; sourceTree = "<group>"; };
		96C3748524F9919D00D9DAEE /* wishlistTests.xctest */ = {isa = PBXFileReference; explicitFileType = wrapper.cfbundle; includeInIndex = 0; path = wishlistTests.xctest; sourceTree = BUILT_PRODUCTS_DIR; };
		96C3748B24F9919D00D9DAEE /* Info.plist */ = {isa = PBXFileReference; lastKnownFileType = text.plist.xml; path = Info.plist; sourceTree = "<group>"; };
		96C3749724F997A200D9DAEE /* Config.swift */ = {isa = PBXFileReference; lastKnownFileType = sourcecode.swift; path = Config.swift; sourceTree = "<group>"; };
		96C3749924F9980E00D9DAEE /* Constants.swift */ = {isa = PBXFileReference; lastKnownFileType = sourcecode.swift; path = Constants.swift; sourceTree = "<group>"; };
		96C3749B24F998A800D9DAEE /* Endpoints.swift */ = {isa = PBXFileReference; lastKnownFileType = sourcecode.swift; path = Endpoints.swift; sourceTree = "<group>"; };
		96C3749E24F998F200D9DAEE /* Builder.swift */ = {isa = PBXFileReference; lastKnownFileType = sourcecode.swift; path = Builder.swift; sourceTree = "<group>"; };
		96C374AC24FA914200D9DAEE /* Response.swift */ = {isa = PBXFileReference; fileEncoding = 4; lastKnownFileType = sourcecode.swift; path = Response.swift; sourceTree = "<group>"; };
		96C374AD24FA914200D9DAEE /* Request.swift */ = {isa = PBXFileReference; fileEncoding = 4; lastKnownFileType = sourcecode.swift; path = Request.swift; sourceTree = "<group>"; };
		96C374B024FA92C400D9DAEE /* RequestLogger.swift */ = {isa = PBXFileReference; lastKnownFileType = sourcecode.swift; path = RequestLogger.swift; sourceTree = "<group>"; };
		96C374B724FAB46000D9DAEE /* Product.swift */ = {isa = PBXFileReference; lastKnownFileType = sourcecode.swift; path = Product.swift; sourceTree = "<group>"; };
		96C374BA24FAB57000D9DAEE /* ProductService.swift */ = {isa = PBXFileReference; lastKnownFileType = sourcecode.swift; path = ProductService.swift; sourceTree = "<group>"; };
		96C374BD24FABC8300D9DAEE /* JSONDecoder.swift */ = {isa = PBXFileReference; lastKnownFileType = sourcecode.swift; path = JSONDecoder.swift; sourceTree = "<group>"; };
		96C374C024FABEF800D9DAEE /* ProductInteractor.swift */ = {isa = PBXFileReference; lastKnownFileType = sourcecode.swift; path = ProductInteractor.swift; sourceTree = "<group>"; };
		96C374C424FAC13200D9DAEE /* Instantiable.swift */ = {isa = PBXFileReference; lastKnownFileType = sourcecode.swift; path = Instantiable.swift; sourceTree = "<group>"; };
		96C374C624FAC5E000D9DAEE /* AppController.swift */ = {isa = PBXFileReference; lastKnownFileType = sourcecode.swift; path = AppController.swift; sourceTree = "<group>"; };
		96C374C824FAC6C800D9DAEE /* AppWireframe.swift */ = {isa = PBXFileReference; lastKnownFileType = sourcecode.swift; path = AppWireframe.swift; sourceTree = "<group>"; };
		96C374CA24FAC71B00D9DAEE /* ProductsWireframe.swift */ = {isa = PBXFileReference; lastKnownFileType = sourcecode.swift; path = ProductsWireframe.swift; sourceTree = "<group>"; };
		96C374CC24FAC85D00D9DAEE /* ProductsPresenter.swift */ = {isa = PBXFileReference; lastKnownFileType = sourcecode.swift; path = ProductsPresenter.swift; sourceTree = "<group>"; };
		96C374CE24FADE8200D9DAEE /* ProductCell.swift */ = {isa = PBXFileReference; lastKnownFileType = sourcecode.swift; path = ProductCell.swift; sourceTree = "<group>"; };
		96C374D324FBCE9900D9DAEE /* ProductDetailVC.swift */ = {isa = PBXFileReference; lastKnownFileType = sourcecode.swift; path = ProductDetailVC.swift; sourceTree = "<group>"; };
		96C374D524FBCEBA00D9DAEE /* ProductDetailPresenter.swift */ = {isa = PBXFileReference; lastKnownFileType = sourcecode.swift; path = ProductDetailPresenter.swift; sourceTree = "<group>"; };
		96C374DA24FBCF9400D9DAEE /* UpdateProductPresenter.swift */ = {isa = PBXFileReference; lastKnownFileType = sourcecode.swift; path = UpdateProductPresenter.swift; sourceTree = "<group>"; };
		96C374DC24FBCF9F00D9DAEE /* UpdateProductVC.swift */ = {isa = PBXFileReference; lastKnownFileType = sourcecode.swift; path = UpdateProductVC.swift; sourceTree = "<group>"; };
		96C374DE24FBD12B00D9DAEE /* Colors.swift */ = {isa = PBXFileReference; lastKnownFileType = sourcecode.swift; path = Colors.swift; sourceTree = "<group>"; };
		96C374E024FBE3AC00D9DAEE /* TimeInterval.swift */ = {isa = PBXFileReference; lastKnownFileType = sourcecode.swift; path = TimeInterval.swift; sourceTree = "<group>"; };
		96C374EB24FC14AD00D9DAEE /* products_success.json */ = {isa = PBXFileReference; explicitFileType = text.json; path = products_success.json; sourceTree = "<group>"; };
		96C374ED24FC14BD00D9DAEE /* products_failure.json */ = {isa = PBXFileReference; explicitFileType = text.json; path = products_failure.json; sourceTree = "<group>"; };
		96C374F524FC160200D9DAEE /* StubResponse.swift */ = {isa = PBXFileReference; lastKnownFileType = sourcecode.swift; path = StubResponse.swift; sourceTree = "<group>"; };
		96C374F924FC180300D9DAEE /* StubModel.swift */ = {isa = PBXFileReference; lastKnownFileType = sourcecode.swift; path = StubModel.swift; sourceTree = "<group>"; };
		96C3750024FC1B0A00D9DAEE /* ProductsSpec.swift */ = {isa = PBXFileReference; lastKnownFileType = sourcecode.swift; path = ProductsSpec.swift; sourceTree = "<group>"; };
		96C3750324FC1B5E00D9DAEE /* ProductsWireframeMock.swift */ = {isa = PBXFileReference; lastKnownFileType = sourcecode.swift; path = ProductsWireframeMock.swift; sourceTree = "<group>"; };
		96C3750624FC1D5B00D9DAEE /* ProductsViewMock.swift */ = {isa = PBXFileReference; lastKnownFileType = sourcecode.swift; path = ProductsViewMock.swift; sourceTree = "<group>"; };
		96C3750A24FC1F7E00D9DAEE /* StubBuilder.swift */ = {isa = PBXFileReference; fileEncoding = 4; lastKnownFileType = sourcecode.swift; path = StubBuilder.swift; sourceTree = "<group>"; };
/* End PBXFileReference section */

/* Begin PBXFrameworksBuildPhase section */
		96C3746C24F9919900D9DAEE /* Frameworks */ = {
			isa = PBXFrameworksBuildPhase;
			buildActionMask = 2147483647;
			files = (
				96C374AA24F99A4700D9DAEE /* Nuke in Frameworks */,
			);
			runOnlyForDeploymentPostprocessing = 0;
		};
		96C3748224F9919D00D9DAEE /* Frameworks */ = {
			isa = PBXFrameworksBuildPhase;
			buildActionMask = 2147483647;
			files = (
				96C374E724FC140B00D9DAEE /* Quick in Frameworks */,
				96C374F324FC15D000D9DAEE /* OHHTTPStubsSwift in Frameworks */,
				96C374F124FC15D000D9DAEE /* OHHTTPStubs in Frameworks */,
				96C374E424FC13F200D9DAEE /* Nimble in Frameworks */,
			);
			runOnlyForDeploymentPostprocessing = 0;
		};
/* End PBXFrameworksBuildPhase section */

/* Begin PBXGroup section */
		96919E06250038CC004A99C0 /* Views */ = {
			isa = PBXGroup;
			children = (
				96919E07250038E2004A99C0 /* LoadingView.swift */,
				96919E09250038F0004A99C0 /* LoadingView.xib */,
			);
			path = Views;
			sourceTree = "<group>";
		};
		96A6AEF72500DB38006F0B66 /* UpdateProduct */ = {
			isa = PBXGroup;
			children = (
				96A6AEF82500DB56006F0B66 /* UpdateProductSpec.swift */,
				96A6AEFA2500DB69006F0B66 /* UpdateProductViewMock.swift */,
			);
			path = UpdateProduct;
			sourceTree = "<group>";
		};
		96C3746624F9919900D9DAEE = {
			isa = PBXGroup;
			children = (
				96C3747124F9919900D9DAEE /* wishlist */,
				96C3748824F9919D00D9DAEE /* wishlistTests */,
				96C3747024F9919900D9DAEE /* Products */,
			);
			sourceTree = "<group>";
		};
		96C3747024F9919900D9DAEE /* Products */ = {
			isa = PBXGroup;
			children = (
				96C3746F24F9919900D9DAEE /* wishlist.app */,
				96C3748524F9919D00D9DAEE /* wishlistTests.xctest */,
			);
			name = Products;
			sourceTree = "<group>";
		};
		96C3747124F9919900D9DAEE /* wishlist */ = {
			isa = PBXGroup;
			children = (
				96C3749424F9975000D9DAEE /* Global */,
				96C374A024F9991F00D9DAEE /* App */,
				96C374A124F9994600D9DAEE /* Sections */,
				96C374A324F9996800D9DAEE /* Common */,
				96C374A624F999AF00D9DAEE /* Resources */,
				96C374A724F999CE00D9DAEE /* Supporting Files */,
			);
			path = wishlist;
			sourceTree = "<group>";
		};
		96C3748824F9919D00D9DAEE /* wishlistTests */ = {
			isa = PBXGroup;
			children = (
				96C374FB24FC199C00D9DAEE /* Sections */,
				96C374F424FC15F200D9DAEE /* Helpers */,
				96C374E924FC148600D9DAEE /* Resources */,
				96C374E824FC143200D9DAEE /* Supporting Files */,
			);
			path = wishlistTests;
			sourceTree = "<group>";
		};
		96C3749424F9975000D9DAEE /* Global */ = {
			isa = PBXGroup;
			children = (
				96C3749524F9977E00D9DAEE /* Config */,
				96C3749624F9978A00D9DAEE /* Constants */,
				96C3749D24F998D100D9DAEE /* Builder */,
			);
			path = Global;
			sourceTree = "<group>";
		};
		96C3749524F9977E00D9DAEE /* Config */ = {
			isa = PBXGroup;
			children = (
				96C3749724F997A200D9DAEE /* Config.swift */,
			);
			path = Config;
			sourceTree = "<group>";
		};
		96C3749624F9978A00D9DAEE /* Constants */ = {
			isa = PBXGroup;
			children = (
				96C3749924F9980E00D9DAEE /* Constants.swift */,
				96C374DE24FBD12B00D9DAEE /* Colors.swift */,
				96C3749B24F998A800D9DAEE /* Endpoints.swift */,
			);
			path = Constants;
			sourceTree = "<group>";
		};
		96C3749D24F998D100D9DAEE /* Builder */ = {
			isa = PBXGroup;
			children = (
				96C3749E24F998F200D9DAEE /* Builder.swift */,
			);
			path = Builder;
			sourceTree = "<group>";
		};
		96C374A024F9991F00D9DAEE /* App */ = {
			isa = PBXGroup;
			children = (
				96C3747224F9919900D9DAEE /* AppDelegate.swift */,
				96C374C624FAC5E000D9DAEE /* AppController.swift */,
				96C374C824FAC6C800D9DAEE /* AppWireframe.swift */,
			);
			path = App;
			sourceTree = "<group>";
		};
		96C374A124F9994600D9DAEE /* Sections */ = {
			isa = PBXGroup;
			children = (
				96C374D824FBCF0F00D9DAEE /* Products */,
			);
			path = Sections;
			sourceTree = "<group>";
		};
		96C374A224F9995000D9DAEE /* Products */ = {
			isa = PBXGroup;
			children = (
				96C374CC24FAC85D00D9DAEE /* ProductsPresenter.swift */,
				96C3747624F9919900D9DAEE /* ProductsVC.swift */,
				96C374D724FBCEC400D9DAEE /* Cell */,
			);
			name = Products;
			path = ..;
			sourceTree = "<group>";
		};
		96C374A324F9996800D9DAEE /* Common */ = {
			isa = PBXGroup;
			children = (
				96919E06250038CC004A99C0 /* Views */,
				96C374BF24FABEE300D9DAEE /* Interactors */,
				96C374B624FAB45200D9DAEE /* Model */,
				96C374AB24FA912E00D9DAEE /* Network */,
				96C374BC24FABC5500D9DAEE /* Support */,
			);
			path = Common;
			sourceTree = "<group>";
		};
		96C374A624F999AF00D9DAEE /* Resources */ = {
			isa = PBXGroup;
			children = (
				96C3747D24F9919D00D9DAEE /* LaunchScreen.storyboard */,
				96C3747B24F9919D00D9DAEE /* Assets.xcassets */,
			);
			path = Resources;
			sourceTree = "<group>";
		};
		96C374A724F999CE00D9DAEE /* Supporting Files */ = {
			isa = PBXGroup;
			children = (
				96C3748024F9919D00D9DAEE /* Info.plist */,
			);
			path = "Supporting Files";
			sourceTree = "<group>";
		};
		96C374AB24FA912E00D9DAEE /* Network */ = {
			isa = PBXGroup;
			children = (
				96C374AD24FA914200D9DAEE /* Request.swift */,
				96C374AC24FA914200D9DAEE /* Response.swift */,
				96C374B024FA92C400D9DAEE /* RequestLogger.swift */,
				96C374B924FAB55400D9DAEE /* Services */,
			);
			path = Network;
			sourceTree = "<group>";
		};
		96C374B624FAB45200D9DAEE /* Model */ = {
			isa = PBXGroup;
			children = (
				96C374B724FAB46000D9DAEE /* Product.swift */,
			);
			path = Model;
			sourceTree = "<group>";
		};
		96C374B924FAB55400D9DAEE /* Services */ = {
			isa = PBXGroup;
			children = (
				96C374BA24FAB57000D9DAEE /* ProductService.swift */,
			);
			path = Services;
			sourceTree = "<group>";
		};
		96C374BC24FABC5500D9DAEE /* Support */ = {
			isa = PBXGroup;
			children = (
				96C374C324FAC12800D9DAEE /* Utils */,
				96C374C224FAC0FF00D9DAEE /* Extensions */,
			);
			path = Support;
			sourceTree = "<group>";
		};
		96C374BF24FABEE300D9DAEE /* Interactors */ = {
			isa = PBXGroup;
			children = (
				96C374C024FABEF800D9DAEE /* ProductInteractor.swift */,
			);
			path = Interactors;
			sourceTree = "<group>";
		};
		96C374C224FAC0FF00D9DAEE /* Extensions */ = {
			isa = PBXGroup;
			children = (
				96C374BD24FABC8300D9DAEE /* JSONDecoder.swift */,
				96C374E024FBE3AC00D9DAEE /* TimeInterval.swift */,
				96919E0B250039C4004A99C0 /* UIView.swift */,
			);
			path = Extensions;
			sourceTree = "<group>";
		};
		96C374C324FAC12800D9DAEE /* Utils */ = {
			isa = PBXGroup;
			children = (
				96C374C424FAC13200D9DAEE /* Instantiable.swift */,
			);
			path = Utils;
			sourceTree = "<group>";
		};
		96C374D024FBCE6200D9DAEE /* ProductDetail */ = {
			isa = PBXGroup;
			children = (
				96C374D524FBCEBA00D9DAEE /* ProductDetailPresenter.swift */,
				96C374D324FBCE9900D9DAEE /* ProductDetailVC.swift */,
			);
			path = ProductDetail;
			sourceTree = "<group>";
		};
		96C374D724FBCEC400D9DAEE /* Cell */ = {
			isa = PBXGroup;
			children = (
				96C374CE24FADE8200D9DAEE /* ProductCell.swift */,
			);
			path = Cell;
			sourceTree = "<group>";
		};
		96C374D824FBCF0F00D9DAEE /* Products */ = {
			isa = PBXGroup;
			children = (
				96C3747824F9919900D9DAEE /* Products.storyboard */,
				96C374CA24FAC71B00D9DAEE /* ProductsWireframe.swift */,
				96C374A224F9995000D9DAEE /* Products */,
				96C374D024FBCE6200D9DAEE /* ProductDetail */,
				96C374D924FBCF2F00D9DAEE /* UpdateProduct */,
			);
			name = Products;
			path = Products/Products;
			sourceTree = "<group>";
		};
		96C374D924FBCF2F00D9DAEE /* UpdateProduct */ = {
			isa = PBXGroup;
			children = (
				96C374DA24FBCF9400D9DAEE /* UpdateProductPresenter.swift */,
				96C374DC24FBCF9F00D9DAEE /* UpdateProductVC.swift */,
			);
			path = UpdateProduct;
			sourceTree = "<group>";
		};
		96C374E824FC143200D9DAEE /* Supporting Files */ = {
			isa = PBXGroup;
			children = (
				96C3748B24F9919D00D9DAEE /* Info.plist */,
			);
			path = "Supporting Files";
			sourceTree = "<group>";
		};
		96C374E924FC148600D9DAEE /* Resources */ = {
			isa = PBXGroup;
			children = (
				96C374EA24FC149500D9DAEE /* JSON */,
			);
			path = Resources;
			sourceTree = "<group>";
		};
		96C374EA24FC149500D9DAEE /* JSON */ = {
			isa = PBXGroup;
			children = (
				96C374EB24FC14AD00D9DAEE /* products_success.json */,
				96C374ED24FC14BD00D9DAEE /* products_failure.json */,
				96A6AEFF2500E301006F0B66 /* product_failure.json */,
				96A6AEFE2500E301006F0B66 /* product_success.json */,
				96A6AF032500E36B006F0B66 /* create_product_failure.json */,
				96A6AF042500E36B006F0B66 /* create_product_success.json */,
				96A6AF022500E36B006F0B66 /* update_product_failure.json */,
				96A6AF052500E36B006F0B66 /* update_product_success.json */,
				96A6AF0A2500E4C5006F0B66 /* remove_product_failure.json */,
				96A6AF0B2500E4C5006F0B66 /* remove_product_success.json */,
			);
			path = JSON;
			sourceTree = "<group>";
		};
		96C374F424FC15F200D9DAEE /* Helpers */ = {
			isa = PBXGroup;
			children = (
				96C374F524FC160200D9DAEE /* StubResponse.swift */,
				96C374F924FC180300D9DAEE /* StubModel.swift */,
				96C3750A24FC1F7E00D9DAEE /* StubBuilder.swift */,
			);
			path = Helpers;
			sourceTree = "<group>";
		};
		96C374FB24FC199C00D9DAEE /* Sections */ = {
			isa = PBXGroup;
			children = (
				96C3750224FC1B3A00D9DAEE /* Products */,
			);
			path = Sections;
			sourceTree = "<group>";
		};
		96C374FE24FC19B600D9DAEE /* Products */ = {
			isa = PBXGroup;
			children = (
				96C3750024FC1B0A00D9DAEE /* ProductsSpec.swift */,
				96C3750624FC1D5B00D9DAEE /* ProductsViewMock.swift */,
			);
			path = Products;
			sourceTree = "<group>";
		};
		96C374FF24FC19BF00D9DAEE /* ProductDetail */ = {
			isa = PBXGroup;
			children = (
				96A6AEF32500DB1A006F0B66 /* ProductDetailSpec.swift */,
				96A6AEF52500DB2C006F0B66 /* ProductDetailViewMock.swift */,
			);
			path = ProductDetail;
			sourceTree = "<group>";
		};
		96C3750224FC1B3A00D9DAEE /* Products */ = {
			isa = PBXGroup;
			children = (
				96C3750324FC1B5E00D9DAEE /* ProductsWireframeMock.swift */,
				96C374FE24FC19B600D9DAEE /* Products */,
				96C374FF24FC19BF00D9DAEE /* ProductDetail */,
				96A6AEF72500DB38006F0B66 /* UpdateProduct */,
			);
			path = Products;
			sourceTree = "<group>";
		};
/* End PBXGroup section */

/* Begin PBXNativeTarget section */
		96C3746E24F9919900D9DAEE /* wishlist */ = {
			isa = PBXNativeTarget;
			buildConfigurationList = 96C3748E24F9919D00D9DAEE /* Build configuration list for PBXNativeTarget "wishlist" */;
			buildPhases = (
				96C3746B24F9919900D9DAEE /* Sources */,
				96C3746C24F9919900D9DAEE /* Frameworks */,
				96C3746D24F9919900D9DAEE /* Resources */,
			);
			buildRules = (
			);
			dependencies = (
			);
			name = wishlist;
			packageProductDependencies = (
				96C374A924F99A4700D9DAEE /* Nuke */,
			);
			productName = wishlist;
			productReference = 96C3746F24F9919900D9DAEE /* wishlist.app */;
			productType = "com.apple.product-type.application";
		};
		96C3748424F9919D00D9DAEE /* wishlistTests */ = {
			isa = PBXNativeTarget;
			buildConfigurationList = 96C3749124F9919D00D9DAEE /* Build configuration list for PBXNativeTarget "wishlistTests" */;
			buildPhases = (
				96C3748124F9919D00D9DAEE /* Sources */,
				96C3748224F9919D00D9DAEE /* Frameworks */,
				96C3748324F9919D00D9DAEE /* Resources */,
			);
			buildRules = (
			);
			dependencies = (
				96C3748724F9919D00D9DAEE /* PBXTargetDependency */,
			);
			name = wishlistTests;
			packageProductDependencies = (
				96C374E324FC13F200D9DAEE /* Nimble */,
				96C374E624FC140B00D9DAEE /* Quick */,
				96C374F024FC15D000D9DAEE /* OHHTTPStubs */,
				96C374F224FC15D000D9DAEE /* OHHTTPStubsSwift */,
			);
			productName = wishlistTests;
			productReference = 96C3748524F9919D00D9DAEE /* wishlistTests.xctest */;
			productType = "com.apple.product-type.bundle.unit-test";
		};
/* End PBXNativeTarget section */

/* Begin PBXProject section */
		96C3746724F9919900D9DAEE /* Project object */ = {
			isa = PBXProject;
			attributes = {
				LastSwiftUpdateCheck = 1140;
				LastUpgradeCheck = 1140;
				ORGANIZATIONNAME = "Jerilyn Gonçalves";
				TargetAttributes = {
					96C3746E24F9919900D9DAEE = {
						CreatedOnToolsVersion = 11.4.1;
					};
					96C3748424F9919D00D9DAEE = {
						CreatedOnToolsVersion = 11.4.1;
						TestTargetID = 96C3746E24F9919900D9DAEE;
					};
				};
			};
			buildConfigurationList = 96C3746A24F9919900D9DAEE /* Build configuration list for PBXProject "wishlist" */;
			compatibilityVersion = "Xcode 9.3";
			developmentRegion = en;
			hasScannedForEncodings = 0;
			knownRegions = (
				en,
				Base,
			);
			mainGroup = 96C3746624F9919900D9DAEE;
			packageReferences = (
				96C374A824F99A4700D9DAEE /* XCRemoteSwiftPackageReference "Nuke" */,
				96C374E224FC13F100D9DAEE /* XCRemoteSwiftPackageReference "Nimble" */,
				96C374E524FC140B00D9DAEE /* XCRemoteSwiftPackageReference "Quick" */,
				96C374EF24FC15D000D9DAEE /* XCRemoteSwiftPackageReference "OHHTTPStubs" */,
			);
			productRefGroup = 96C3747024F9919900D9DAEE /* Products */;
			projectDirPath = "";
			projectRoot = "";
			targets = (
				96C3746E24F9919900D9DAEE /* wishlist */,
				96C3748424F9919D00D9DAEE /* wishlistTests */,
			);
		};
/* End PBXProject section */

/* Begin PBXResourcesBuildPhase section */
		96C3746D24F9919900D9DAEE /* Resources */ = {
			isa = PBXResourcesBuildPhase;
			buildActionMask = 2147483647;
			files = (
				96C3747F24F9919D00D9DAEE /* LaunchScreen.storyboard in Resources */,
				96919E0A250038F0004A99C0 /* LoadingView.xib in Resources */,
				96C3747C24F9919D00D9DAEE /* Assets.xcassets in Resources */,
				96C3747A24F9919900D9DAEE /* Products.storyboard in Resources */,
			);
			runOnlyForDeploymentPostprocessing = 0;
		};
		96C3748324F9919D00D9DAEE /* Resources */ = {
			isa = PBXResourcesBuildPhase;
			buildActionMask = 2147483647;
			files = (
				96A6AF0C2500E4C5006F0B66 /* remove_product_failure.json in Resources */,
				96A6AF0D2500E4C5006F0B66 /* remove_product_success.json in Resources */,
				96A6AF012500E301006F0B66 /* product_failure.json in Resources */,
				96C374F724FC17D000D9DAEE /* products_success.json in Resources */,
				96A6AF082500E36B006F0B66 /* create_product_success.json in Resources */,
				96A6AF002500E301006F0B66 /* product_success.json in Resources */,
				96C374F824FC17D000D9DAEE /* products_failure.json in Resources */,
				96A6AF072500E36B006F0B66 /* create_product_failure.json in Resources */,
				96A6AF092500E36B006F0B66 /* update_product_success.json in Resources */,
				96A6AF062500E36B006F0B66 /* update_product_failure.json in Resources */,
			);
			runOnlyForDeploymentPostprocessing = 0;
		};
/* End PBXResourcesBuildPhase section */

/* Begin PBXSourcesBuildPhase section */
		96C3746B24F9919900D9DAEE /* Sources */ = {
			isa = PBXSourcesBuildPhase;
			buildActionMask = 2147483647;
			files = (
				96C374C924FAC6C800D9DAEE /* AppWireframe.swift in Sources */,
				96C374DF24FBD12B00D9DAEE /* Colors.swift in Sources */,
				96C374BE24FABC8300D9DAEE /* JSONDecoder.swift in Sources */,
				96C374AE24FA914200D9DAEE /* Response.swift in Sources */,
				96C374CB24FAC71B00D9DAEE /* ProductsWireframe.swift in Sources */,
				96C374D624FBCEBA00D9DAEE /* ProductDetailPresenter.swift in Sources */,
				96C3749A24F9980E00D9DAEE /* Constants.swift in Sources */,
				96919E0C250039C4004A99C0 /* UIView.swift in Sources */,
				96C374C724FAC5E000D9DAEE /* AppController.swift in Sources */,
				96C374CD24FAC85D00D9DAEE /* ProductsPresenter.swift in Sources */,
				96C3747724F9919900D9DAEE /* ProductsVC.swift in Sources */,
				96C374B124FA92C400D9DAEE /* RequestLogger.swift in Sources */,
				96919E08250038E2004A99C0 /* LoadingView.swift in Sources */,
				96C3749F24F998F200D9DAEE /* Builder.swift in Sources */,
				96C374BB24FAB57000D9DAEE /* ProductService.swift in Sources */,
				96C374DB24FBCF9400D9DAEE /* UpdateProductPresenter.swift in Sources */,
				96C374C524FAC13200D9DAEE /* Instantiable.swift in Sources */,
				96C374D424FBCE9900D9DAEE /* ProductDetailVC.swift in Sources */,
				96C374E124FBE3AD00D9DAEE /* TimeInterval.swift in Sources */,
				96C374DD24FBCF9F00D9DAEE /* UpdateProductVC.swift in Sources */,
				96C374B824FAB46000D9DAEE /* Product.swift in Sources */,
				96C3749824F997A200D9DAEE /* Config.swift in Sources */,
				96C3747324F9919900D9DAEE /* AppDelegate.swift in Sources */,
				96C374CF24FADE8200D9DAEE /* ProductCell.swift in Sources */,
				96C374C124FABEF800D9DAEE /* ProductInteractor.swift in Sources */,
				96C3749C24F998A800D9DAEE /* Endpoints.swift in Sources */,
				96C374AF24FA914200D9DAEE /* Request.swift in Sources */,
			);
			runOnlyForDeploymentPostprocessing = 0;
		};
		96C3748124F9919D00D9DAEE /* Sources */ = {
			isa = PBXSourcesBuildPhase;
			buildActionMask = 2147483647;
			files = (
				96C3750724FC1D5B00D9DAEE /* ProductsViewMock.swift in Sources */,
				96A6AEF42500DB1A006F0B66 /* ProductDetailSpec.swift in Sources */,
				96C3750124FC1B0A00D9DAEE /* ProductsSpec.swift in Sources */,
				96A6AEF62500DB2C006F0B66 /* ProductDetailViewMock.swift in Sources */,
				96A6AEFB2500DB69006F0B66 /* UpdateProductViewMock.swift in Sources */,
				96C374F624FC160200D9DAEE /* StubResponse.swift in Sources */,
				96C3750C24FC202A00D9DAEE /* Endpoints.swift in Sources */,
				96C3750424FC1B5E00D9DAEE /* ProductsWireframeMock.swift in Sources */,
				96C374FA24FC180300D9DAEE /* StubModel.swift in Sources */,
				96C3750B24FC1F7E00D9DAEE /* StubBuilder.swift in Sources */,
				96A6AEF92500DB56006F0B66 /* UpdateProductSpec.swift in Sources */,
			);
			runOnlyForDeploymentPostprocessing = 0;
		};
/* End PBXSourcesBuildPhase section */

/* Begin PBXTargetDependency section */
		96C3748724F9919D00D9DAEE /* PBXTargetDependency */ = {
			isa = PBXTargetDependency;
			target = 96C3746E24F9919900D9DAEE /* wishlist */;
			targetProxy = 96C3748624F9919D00D9DAEE /* PBXContainerItemProxy */;
		};
/* End PBXTargetDependency section */

/* Begin PBXVariantGroup section */
		96C3747824F9919900D9DAEE /* Products.storyboard */ = {
			isa = PBXVariantGroup;
			children = (
				96C3747924F9919900D9DAEE /* Base */,
			);
			name = Products.storyboard;
			sourceTree = "<group>";
		};
		96C3747D24F9919D00D9DAEE /* LaunchScreen.storyboard */ = {
			isa = PBXVariantGroup;
			children = (
				96C3747E24F9919D00D9DAEE /* Base */,
			);
			name = LaunchScreen.storyboard;
			sourceTree = "<group>";
		};
/* End PBXVariantGroup section */

/* Begin XCBuildConfiguration section */
		96C3748C24F9919D00D9DAEE /* Debug */ = {
			isa = XCBuildConfiguration;
			buildSettings = {
				ALWAYS_SEARCH_USER_PATHS = NO;
				CLANG_ANALYZER_NONNULL = YES;
				CLANG_ANALYZER_NUMBER_OBJECT_CONVERSION = YES_AGGRESSIVE;
				CLANG_CXX_LANGUAGE_STANDARD = "gnu++14";
				CLANG_CXX_LIBRARY = "libc++";
				CLANG_ENABLE_MODULES = YES;
				CLANG_ENABLE_OBJC_ARC = YES;
				CLANG_ENABLE_OBJC_WEAK = YES;
				CLANG_WARN_BLOCK_CAPTURE_AUTORELEASING = YES;
				CLANG_WARN_BOOL_CONVERSION = YES;
				CLANG_WARN_COMMA = YES;
				CLANG_WARN_CONSTANT_CONVERSION = YES;
				CLANG_WARN_DEPRECATED_OBJC_IMPLEMENTATIONS = YES;
				CLANG_WARN_DIRECT_OBJC_ISA_USAGE = YES_ERROR;
				CLANG_WARN_DOCUMENTATION_COMMENTS = YES;
				CLANG_WARN_EMPTY_BODY = YES;
				CLANG_WARN_ENUM_CONVERSION = YES;
				CLANG_WARN_INFINITE_RECURSION = YES;
				CLANG_WARN_INT_CONVERSION = YES;
				CLANG_WARN_NON_LITERAL_NULL_CONVERSION = YES;
				CLANG_WARN_OBJC_IMPLICIT_RETAIN_SELF = YES;
				CLANG_WARN_OBJC_LITERAL_CONVERSION = YES;
				CLANG_WARN_OBJC_ROOT_CLASS = YES_ERROR;
				CLANG_WARN_RANGE_LOOP_ANALYSIS = YES;
				CLANG_WARN_STRICT_PROTOTYPES = YES;
				CLANG_WARN_SUSPICIOUS_MOVE = YES;
				CLANG_WARN_UNGUARDED_AVAILABILITY = YES_AGGRESSIVE;
				CLANG_WARN_UNREACHABLE_CODE = YES;
				CLANG_WARN__DUPLICATE_METHOD_MATCH = YES;
				COPY_PHASE_STRIP = NO;
				DEBUG_INFORMATION_FORMAT = dwarf;
				ENABLE_STRICT_OBJC_MSGSEND = YES;
				ENABLE_TESTABILITY = YES;
				GCC_C_LANGUAGE_STANDARD = gnu11;
				GCC_DYNAMIC_NO_PIC = NO;
				GCC_NO_COMMON_BLOCKS = YES;
				GCC_OPTIMIZATION_LEVEL = 0;
				GCC_PREPROCESSOR_DEFINITIONS = (
					"DEBUG=1",
					"$(inherited)",
				);
				GCC_WARN_64_TO_32_BIT_CONVERSION = YES;
				GCC_WARN_ABOUT_RETURN_TYPE = YES_ERROR;
				GCC_WARN_UNDECLARED_SELECTOR = YES;
				GCC_WARN_UNINITIALIZED_AUTOS = YES_AGGRESSIVE;
				GCC_WARN_UNUSED_FUNCTION = YES;
				GCC_WARN_UNUSED_VARIABLE = YES;
				IPHONEOS_DEPLOYMENT_TARGET = 13.4;
				MTL_ENABLE_DEBUG_INFO = INCLUDE_SOURCE;
				MTL_FAST_MATH = YES;
				ONLY_ACTIVE_ARCH = YES;
				SDKROOT = iphoneos;
				SWIFT_ACTIVE_COMPILATION_CONDITIONS = DEBUG;
				SWIFT_OPTIMIZATION_LEVEL = "-Onone";
			};
			name = Debug;
		};
		96C3748D24F9919D00D9DAEE /* Release */ = {
			isa = XCBuildConfiguration;
			buildSettings = {
				ALWAYS_SEARCH_USER_PATHS = NO;
				CLANG_ANALYZER_NONNULL = YES;
				CLANG_ANALYZER_NUMBER_OBJECT_CONVERSION = YES_AGGRESSIVE;
				CLANG_CXX_LANGUAGE_STANDARD = "gnu++14";
				CLANG_CXX_LIBRARY = "libc++";
				CLANG_ENABLE_MODULES = YES;
				CLANG_ENABLE_OBJC_ARC = YES;
				CLANG_ENABLE_OBJC_WEAK = YES;
				CLANG_WARN_BLOCK_CAPTURE_AUTORELEASING = YES;
				CLANG_WARN_BOOL_CONVERSION = YES;
				CLANG_WARN_COMMA = YES;
				CLANG_WARN_CONSTANT_CONVERSION = YES;
				CLANG_WARN_DEPRECATED_OBJC_IMPLEMENTATIONS = YES;
				CLANG_WARN_DIRECT_OBJC_ISA_USAGE = YES_ERROR;
				CLANG_WARN_DOCUMENTATION_COMMENTS = YES;
				CLANG_WARN_EMPTY_BODY = YES;
				CLANG_WARN_ENUM_CONVERSION = YES;
				CLANG_WARN_INFINITE_RECURSION = YES;
				CLANG_WARN_INT_CONVERSION = YES;
				CLANG_WARN_NON_LITERAL_NULL_CONVERSION = YES;
				CLANG_WARN_OBJC_IMPLICIT_RETAIN_SELF = YES;
				CLANG_WARN_OBJC_LITERAL_CONVERSION = YES;
				CLANG_WARN_OBJC_ROOT_CLASS = YES_ERROR;
				CLANG_WARN_RANGE_LOOP_ANALYSIS = YES;
				CLANG_WARN_STRICT_PROTOTYPES = YES;
				CLANG_WARN_SUSPICIOUS_MOVE = YES;
				CLANG_WARN_UNGUARDED_AVAILABILITY = YES_AGGRESSIVE;
				CLANG_WARN_UNREACHABLE_CODE = YES;
				CLANG_WARN__DUPLICATE_METHOD_MATCH = YES;
				COPY_PHASE_STRIP = NO;
				DEBUG_INFORMATION_FORMAT = "dwarf-with-dsym";
				ENABLE_NS_ASSERTIONS = NO;
				ENABLE_STRICT_OBJC_MSGSEND = YES;
				GCC_C_LANGUAGE_STANDARD = gnu11;
				GCC_NO_COMMON_BLOCKS = YES;
				GCC_WARN_64_TO_32_BIT_CONVERSION = YES;
				GCC_WARN_ABOUT_RETURN_TYPE = YES_ERROR;
				GCC_WARN_UNDECLARED_SELECTOR = YES;
				GCC_WARN_UNINITIALIZED_AUTOS = YES_AGGRESSIVE;
				GCC_WARN_UNUSED_FUNCTION = YES;
				GCC_WARN_UNUSED_VARIABLE = YES;
				IPHONEOS_DEPLOYMENT_TARGET = 13.4;
				MTL_ENABLE_DEBUG_INFO = NO;
				MTL_FAST_MATH = YES;
				SDKROOT = iphoneos;
				SWIFT_COMPILATION_MODE = wholemodule;
				SWIFT_OPTIMIZATION_LEVEL = "-O";
				VALIDATE_PRODUCT = YES;
			};
			name = Release;
		};
		96C3748F24F9919D00D9DAEE /* Debug */ = {
			isa = XCBuildConfiguration;
			buildSettings = {
				ASSETCATALOG_COMPILER_APPICON_NAME = AppIcon;
				CODE_SIGN_STYLE = Automatic;
				DEVELOPMENT_TEAM = KG2RNVFZX3;
				INFOPLIST_FILE = "wishlist/Supporting Files/Info.plist";
				IPHONEOS_DEPLOYMENT_TARGET = 13.0;
				LD_RUNPATH_SEARCH_PATHS = (
					"$(inherited)",
					"@executable_path/Frameworks",
				);
				PRODUCT_BUNDLE_IDENTIFIER = com.jerilyn.goncalves.wishlist;
				PRODUCT_NAME = "$(TARGET_NAME)";
				SWIFT_VERSION = 5.0;
				TARGETED_DEVICE_FAMILY = 1;
			};
			name = Debug;
		};
		96C3749024F9919D00D9DAEE /* Release */ = {
			isa = XCBuildConfiguration;
			buildSettings = {
				ASSETCATALOG_COMPILER_APPICON_NAME = AppIcon;
				CODE_SIGN_STYLE = Automatic;
				DEVELOPMENT_TEAM = KG2RNVFZX3;
				INFOPLIST_FILE = "wishlist/Supporting Files/Info.plist";
				IPHONEOS_DEPLOYMENT_TARGET = 13.0;
				LD_RUNPATH_SEARCH_PATHS = (
					"$(inherited)",
					"@executable_path/Frameworks",
				);
				PRODUCT_BUNDLE_IDENTIFIER = com.jerilyn.goncalves.wishlist;
				PRODUCT_NAME = "$(TARGET_NAME)";
				SWIFT_VERSION = 5.0;
				TARGETED_DEVICE_FAMILY = 1;
			};
			name = Release;
		};
		96C3749224F9919D00D9DAEE /* Debug */ = {
			isa = XCBuildConfiguration;
			buildSettings = {
				ALWAYS_EMBED_SWIFT_STANDARD_LIBRARIES = YES;
				BUNDLE_LOADER = "$(TEST_HOST)";
				CODE_SIGN_STYLE = Automatic;
				DEVELOPMENT_TEAM = KG2RNVFZX3;
				INFOPLIST_FILE = "wishlistTests/Supporting Files/Info.plist";
				IPHONEOS_DEPLOYMENT_TARGET = 13.4;
				LD_RUNPATH_SEARCH_PATHS = (
					"$(inherited)",
					"@executable_path/Frameworks",
					"@loader_path/Frameworks",
				);
				PRODUCT_BUNDLE_IDENTIFIER = com.jerilyn.goncalves.wishlistTests;
				PRODUCT_NAME = "$(TARGET_NAME)";
				SWIFT_VERSION = 5.0;
				TARGETED_DEVICE_FAMILY = "1,2";
				TEST_HOST = "$(BUILT_PRODUCTS_DIR)/wishlist.app/wishlist";
			};
			name = Debug;
		};
		96C3749324F9919D00D9DAEE /* Release */ = {
			isa = XCBuildConfiguration;
			buildSettings = {
				ALWAYS_EMBED_SWIFT_STANDARD_LIBRARIES = YES;
				BUNDLE_LOADER = "$(TEST_HOST)";
				CODE_SIGN_STYLE = Automatic;
				DEVELOPMENT_TEAM = KG2RNVFZX3;
				INFOPLIST_FILE = "wishlistTests/Supporting Files/Info.plist";
				IPHONEOS_DEPLOYMENT_TARGET = 13.4;
				LD_RUNPATH_SEARCH_PATHS = (
					"$(inherited)",
					"@executable_path/Frameworks",
					"@loader_path/Frameworks",
				);
				PRODUCT_BUNDLE_IDENTIFIER = com.jerilyn.goncalves.wishlistTests;
				PRODUCT_NAME = "$(TARGET_NAME)";
				SWIFT_VERSION = 5.0;
				TARGETED_DEVICE_FAMILY = "1,2";
				TEST_HOST = "$(BUILT_PRODUCTS_DIR)/wishlist.app/wishlist";
			};
			name = Release;
		};
/* End XCBuildConfiguration section */

/* Begin XCConfigurationList section */
		96C3746A24F9919900D9DAEE /* Build configuration list for PBXProject "wishlist" */ = {
			isa = XCConfigurationList;
			buildConfigurations = (
				96C3748C24F9919D00D9DAEE /* Debug */,
				96C3748D24F9919D00D9DAEE /* Release */,
			);
			defaultConfigurationIsVisible = 0;
			defaultConfigurationName = Release;
		};
		96C3748E24F9919D00D9DAEE /* Build configuration list for PBXNativeTarget "wishlist" */ = {
			isa = XCConfigurationList;
			buildConfigurations = (
				96C3748F24F9919D00D9DAEE /* Debug */,
				96C3749024F9919D00D9DAEE /* Release */,
			);
			defaultConfigurationIsVisible = 0;
			defaultConfigurationName = Release;
		};
		96C3749124F9919D00D9DAEE /* Build configuration list for PBXNativeTarget "wishlistTests" */ = {
			isa = XCConfigurationList;
			buildConfigurations = (
				96C3749224F9919D00D9DAEE /* Debug */,
				96C3749324F9919D00D9DAEE /* Release */,
			);
			defaultConfigurationIsVisible = 0;
			defaultConfigurationName = Release;
		};
/* End XCConfigurationList section */

/* Begin XCRemoteSwiftPackageReference section */
		96C374A824F99A4700D9DAEE /* XCRemoteSwiftPackageReference "Nuke" */ = {
			isa = XCRemoteSwiftPackageReference;
			repositoryURL = "https://github.com/kean/Nuke.git";
			requirement = {
				kind = upToNextMajorVersion;
				minimumVersion = 9.1.2;
			};
		};
		96C374E224FC13F100D9DAEE /* XCRemoteSwiftPackageReference "Nimble" */ = {
			isa = XCRemoteSwiftPackageReference;
			repositoryURL = "https://github.com/Quick/Nimble";
			requirement = {
				kind = upToNextMajorVersion;
				minimumVersion = 8.1.1;
			};
		};
		96C374E524FC140B00D9DAEE /* XCRemoteSwiftPackageReference "Quick" */ = {
			isa = XCRemoteSwiftPackageReference;
			repositoryURL = "https://github.com/Quick/Quick";
			requirement = {
				kind = upToNextMajorVersion;
				minimumVersion = 3.0.0;
			};
		};
		96C374EF24FC15D000D9DAEE /* XCRemoteSwiftPackageReference "OHHTTPStubs" */ = {
			isa = XCRemoteSwiftPackageReference;
			repositoryURL = "https://github.com/AliSoftware/OHHTTPStubs.git";
			requirement = {
				kind = upToNextMajorVersion;
				minimumVersion = 9.0.0;
			};
		};
/* End XCRemoteSwiftPackageReference section */

/* Begin XCSwiftPackageProductDependency section */
		96C374A924F99A4700D9DAEE /* Nuke */ = {
			isa = XCSwiftPackageProductDependency;
			package = 96C374A824F99A4700D9DAEE /* XCRemoteSwiftPackageReference "Nuke" */;
			productName = Nuke;
		};
		96C374E324FC13F200D9DAEE /* Nimble */ = {
			isa = XCSwiftPackageProductDependency;
			package = 96C374E224FC13F100D9DAEE /* XCRemoteSwiftPackageReference "Nimble" */;
			productName = Nimble;
		};
		96C374E624FC140B00D9DAEE /* Quick */ = {
			isa = XCSwiftPackageProductDependency;
			package = 96C374E524FC140B00D9DAEE /* XCRemoteSwiftPackageReference "Quick" */;
			productName = Quick;
		};
		96C374F024FC15D000D9DAEE /* OHHTTPStubs */ = {
			isa = XCSwiftPackageProductDependency;
			package = 96C374EF24FC15D000D9DAEE /* XCRemoteSwiftPackageReference "OHHTTPStubs" */;
			productName = OHHTTPStubs;
		};
		96C374F224FC15D000D9DAEE /* OHHTTPStubsSwift */ = {
			isa = XCSwiftPackageProductDependency;
			package = 96C374EF24FC15D000D9DAEE /* XCRemoteSwiftPackageReference "OHHTTPStubs" */;
			productName = OHHTTPStubsSwift;
		};
/* End XCSwiftPackageProductDependency section */
	};
	rootObject = 96C3746724F9919900D9DAEE /* Project object */;
}
