// !$*UTF8*$!
{
	archiveVersion = 1;
	classes = {
	};
	objectVersion = 52;
	objects = {

/* Begin PBXBuildFile section */
		96C3747324F9919900D9DAEE /* AppDelegate.swift in Sources */ = {isa = PBXBuildFile; fileRef = 96C3747224F9919900D9DAEE /* AppDelegate.swift */; };
		96C3747724F9919900D9DAEE /* ProductsVC.swift in Sources */ = {isa = PBXBuildFile; fileRef = 96C3747624F9919900D9DAEE /* ProductsVC.swift */; };
		96C3747A24F9919900D9DAEE /* Products.storyboard in Resources */ = {isa = PBXBuildFile; fileRef = 96C3747824F9919900D9DAEE /* Products.storyboard */; };
		96C3747C24F9919D00D9DAEE /* Assets.xcassets in Resources */ = {isa = PBXBuildFile; fileRef = 96C3747B24F9919D00D9DAEE /* Assets.xcassets */; };
		96C3747F24F9919D00D9DAEE /* LaunchScreen.storyboard in Resources */ = {isa = PBXBuildFile; fileRef = 96C3747D24F9919D00D9DAEE /* LaunchScreen.storyboard */; };
		96C3748A24F9919D00D9DAEE /* wishlistTests.swift in Sources */ = {isa = PBXBuildFile; fileRef = 96C3748924F9919D00D9DAEE /* wishlistTests.swift */; };
		96C3749824F997A200D9DAEE /* Config.swift in Sources */ = {isa = PBXBuildFile; fileRef = 96C3749724F997A200D9DAEE /* Config.swift */; };
		96C3749A24F9980E00D9DAEE /* Constants.swift in Sources */ = {isa = PBXBuildFile; fileRef = 96C3749924F9980E00D9DAEE /* Constants.swift */; };
		96C3749C24F998A800D9DAEE /* Endpoints.swift in Sources */ = {isa = PBXBuildFile; fileRef = 96C3749B24F998A800D9DAEE /* Endpoints.swift */; };
		96C3749F24F998F200D9DAEE /* Builder.swift in Sources */ = {isa = PBXBuildFile; fileRef = 96C3749E24F998F200D9DAEE /* Builder.swift */; };
		96C374AA24F99A4700D9DAEE /* Nuke in Frameworks */ = {isa = PBXBuildFile; productRef = 96C374A924F99A4700D9DAEE /* Nuke */; };
		96C374AE24FA914200D9DAEE /* Response.swift in Sources */ = {isa = PBXBuildFile; fileRef = 96C374AC24FA914200D9DAEE /* Response.swift */; };
		96C374AF24FA914200D9DAEE /* Request.swift in Sources */ = {isa = PBXBuildFile; fileRef = 96C374AD24FA914200D9DAEE /* Request.swift */; };
		96C374B124FA92C400D9DAEE /* RequestLogger.swift in Sources */ = {isa = PBXBuildFile; fileRef = 96C374B024FA92C400D9DAEE /* RequestLogger.swift */; };
		96C374B824FAB46000D9DAEE /* Product.swift in Sources */ = {isa = PBXBuildFile; fileRef = 96C374B724FAB46000D9DAEE /* Product.swift */; };
		96C374BB24FAB57000D9DAEE /* ProductService.swift in Sources */ = {isa = PBXBuildFile; fileRef = 96C374BA24FAB57000D9DAEE /* ProductService.swift */; };
		96C374BE24FABC8300D9DAEE /* JSONDecoder.swift in Sources */ = {isa = PBXBuildFile; fileRef = 96C374BD24FABC8300D9DAEE /* JSONDecoder.swift */; };
		96C374C124FABEF800D9DAEE /* ProductInteractor.swift in Sources */ = {isa = PBXBuildFile; fileRef = 96C374C024FABEF800D9DAEE /* ProductInteractor.swift */; };
		96C374C524FAC13200D9DAEE /* Instantiable.swift in Sources */ = {isa = PBXBuildFile; fileRef = 96C374C424FAC13200D9DAEE /* Instantiable.swift */; };
		96C374C724FAC5E000D9DAEE /* AppController.swift in Sources */ = {isa = PBXBuildFile; fileRef = 96C374C624FAC5E000D9DAEE /* AppController.swift */; };
		96C374C924FAC6C800D9DAEE /* AppWireframe.swift in Sources */ = {isa = PBXBuildFile; fileRef = 96C374C824FAC6C800D9DAEE /* AppWireframe.swift */; };
		96C374CB24FAC71B00D9DAEE /* ProductsWireframe.swift in Sources */ = {isa = PBXBuildFile; fileRef = 96C374CA24FAC71B00D9DAEE /* ProductsWireframe.swift */; };
		96C374CD24FAC85D00D9DAEE /* ProductsPresenter.swift in Sources */ = {isa = PBXBuildFile; fileRef = 96C374CC24FAC85D00D9DAEE /* ProductsPresenter.swift */; };
/* End PBXBuildFile section */

/* Begin PBXContainerItemProxy section */
		96C3748624F9919D00D9DAEE /* PBXContainerItemProxy */ = {
			isa = PBXContainerItemProxy;
			containerPortal = 96C3746724F9919900D9DAEE /* Project object */;
			proxyType = 1;
			remoteGlobalIDString = 96C3746E24F9919900D9DAEE;
			remoteInfo = wishlist;
		};
/* End PBXContainerItemProxy section */

/* Begin PBXFileReference section */
		96C3746F24F9919900D9DAEE /* wishlist.app */ = {isa = PBXFileReference; explicitFileType = wrapper.application; includeInIndex = 0; path = wishlist.app; sourceTree = BUILT_PRODUCTS_DIR; };
		96C3747224F9919900D9DAEE /* AppDelegate.swift */ = {isa = PBXFileReference; lastKnownFileType = sourcecode.swift; path = AppDelegate.swift; sourceTree = "<group>"; };
		96C3747624F9919900D9DAEE /* ProductsVC.swift */ = {isa = PBXFileReference; lastKnownFileType = sourcecode.swift; path = ProductsVC.swift; sourceTree = "<group>"; };
		96C3747924F9919900D9DAEE /* Base */ = {isa = PBXFileReference; lastKnownFileType = file.storyboard; name = Base; path = Base.lproj/Products.storyboard; sourceTree = "<group>"; };
		96C3747B24F9919D00D9DAEE /* Assets.xcassets */ = {isa = PBXFileReference; lastKnownFileType = folder.assetcatalog; path = Assets.xcassets; sourceTree = "<group>"; };
		96C3747E24F9919D00D9DAEE /* Base */ = {isa = PBXFileReference; lastKnownFileType = file.storyboard; name = Base; path = Base.lproj/LaunchScreen.storyboard; sourceTree = "<group>"; };
		96C3748024F9919D00D9DAEE /* Info.plist */ = {isa = PBXFileReference; lastKnownFileType = text.plist.xml; path = Info.plist; sourceTree = "<group>"; };
		96C3748524F9919D00D9DAEE /* wishlistTests.xctest */ = {isa = PBXFileReference; explicitFileType = wrapper.cfbundle; includeInIndex = 0; path = wishlistTests.xctest; sourceTree = BUILT_PRODUCTS_DIR; };
		96C3748924F9919D00D9DAEE /* wishlistTests.swift */ = {isa = PBXFileReference; lastKnownFileType = sourcecode.swift; path = wishlistTests.swift; sourceTree = "<group>"; };
		96C3748B24F9919D00D9DAEE /* Info.plist */ = {isa = PBXFileReference; lastKnownFileType = text.plist.xml; path = Info.plist; sourceTree = "<group>"; };
		96C3749724F997A200D9DAEE /* Config.swift */ = {isa = PBXFileReference; lastKnownFileType = sourcecode.swift; path = Config.swift; sourceTree = "<group>"; };
		96C3749924F9980E00D9DAEE /* Constants.swift */ = {isa = PBXFileReference; lastKnownFileType = sourcecode.swift; path = Constants.swift; sourceTree = "<group>"; };
		96C3749B24F998A800D9DAEE /* Endpoints.swift */ = {isa = PBXFileReference; lastKnownFileType = sourcecode.swift; path = Endpoints.swift; sourceTree = "<group>"; };
		96C3749E24F998F200D9DAEE /* Builder.swift */ = {isa = PBXFileReference; lastKnownFileType = sourcecode.swift; path = Builder.swift; sourceTree = "<group>"; };
		96C374AC24FA914200D9DAEE /* Response.swift */ = {isa = PBXFileReference; fileEncoding = 4; lastKnownFileType = sourcecode.swift; path = Response.swift; sourceTree = "<group>"; };
		96C374AD24FA914200D9DAEE /* Request.swift */ = {isa = PBXFileReference; fileEncoding = 4; lastKnownFileType = sourcecode.swift; path = Request.swift; sourceTree = "<group>"; };
		96C374B024FA92C400D9DAEE /* RequestLogger.swift */ = {isa = PBXFileReference; lastKnownFileType = sourcecode.swift; path = RequestLogger.swift; sourceTree = "<group>"; };
		96C374B724FAB46000D9DAEE /* Product.swift */ = {isa = PBXFileReference; lastKnownFileType = sourcecode.swift; path = Product.swift; sourceTree = "<group>"; };
		96C374BA24FAB57000D9DAEE /* ProductService.swift */ = {isa = PBXFileReference; lastKnownFileType = sourcecode.swift; path = ProductService.swift; sourceTree = "<group>"; };
		96C374BD24FABC8300D9DAEE /* JSONDecoder.swift */ = {isa = PBXFileReference; lastKnownFileType = sourcecode.swift; path = JSONDecoder.swift; sourceTree = "<group>"; };
		96C374C024FABEF800D9DAEE /* ProductInteractor.swift */ = {isa = PBXFileReference; lastKnownFileType = sourcecode.swift; path = ProductInteractor.swift; sourceTree = "<group>"; };
		96C374C424FAC13200D9DAEE /* Instantiable.swift */ = {isa = PBXFileReference; lastKnownFileType = sourcecode.swift; path = Instantiable.swift; sourceTree = "<group>"; };
		96C374C624FAC5E000D9DAEE /* AppController.swift */ = {isa = PBXFileReference; lastKnownFileType = sourcecode.swift; path = AppController.swift; sourceTree = "<group>"; };
		96C374C824FAC6C800D9DAEE /* AppWireframe.swift */ = {isa = PBXFileReference; lastKnownFileType = sourcecode.swift; path = AppWireframe.swift; sourceTree = "<group>"; };
		96C374CA24FAC71B00D9DAEE /* ProductsWireframe.swift */ = {isa = PBXFileReference; lastKnownFileType = sourcecode.swift; path = ProductsWireframe.swift; sourceTree = "<group>"; };
		96C374CC24FAC85D00D9DAEE /* ProductsPresenter.swift */ = {isa = PBXFileReference; lastKnownFileType = sourcecode.swift; path = ProductsPresenter.swift; sourceTree = "<group>"; };
/* End PBXFileReference section */

/* Begin PBXFrameworksBuildPhase section */
		96C3746C24F9919900D9DAEE /* Frameworks */ = {
			isa = PBXFrameworksBuildPhase;
			buildActionMask = 2147483647;
			files = (
				96C374AA24F99A4700D9DAEE /* Nuke in Frameworks */,
			);
			runOnlyForDeploymentPostprocessing = 0;
		};
		96C3748224F9919D00D9DAEE /* Frameworks */ = {
			isa = PBXFrameworksBuildPhase;
			buildActionMask = 2147483647;
			files = (
			);
			runOnlyForDeploymentPostprocessing = 0;
		};
/* End PBXFrameworksBuildPhase section */

/* Begin PBXGroup section */
		96C3746624F9919900D9DAEE = {
			isa = PBXGroup;
			children = (
				96C3747124F9919900D9DAEE /* wishlist */,
				96C3748824F9919D00D9DAEE /* wishlistTests */,
				96C3747024F9919900D9DAEE /* Products */,
			);
			sourceTree = "<group>";
		};
		96C3747024F9919900D9DAEE /* Products */ = {
			isa = PBXGroup;
			children = (
				96C3746F24F9919900D9DAEE /* wishlist.app */,
				96C3748524F9919D00D9DAEE /* wishlistTests.xctest */,
			);
			name = Products;
			sourceTree = "<group>";
		};
		96C3747124F9919900D9DAEE /* wishlist */ = {
			isa = PBXGroup;
			children = (
				96C3749424F9975000D9DAEE /* Global */,
				96C374A024F9991F00D9DAEE /* App */,
				96C374A124F9994600D9DAEE /* Sections */,
				96C374A324F9996800D9DAEE /* Common */,
				96C374A624F999AF00D9DAEE /* Resources */,
				96C374A724F999CE00D9DAEE /* Supporting Files */,
			);
			path = wishlist;
			sourceTree = "<group>";
		};
		96C3748824F9919D00D9DAEE /* wishlistTests */ = {
			isa = PBXGroup;
			children = (
				96C3748924F9919D00D9DAEE /* wishlistTests.swift */,
				96C3748B24F9919D00D9DAEE /* Info.plist */,
			);
			path = wishlistTests;
			sourceTree = "<group>";
		};
		96C3749424F9975000D9DAEE /* Global */ = {
			isa = PBXGroup;
			children = (
				96C3749524F9977E00D9DAEE /* Config */,
				96C3749624F9978A00D9DAEE /* Constants */,
				96C3749D24F998D100D9DAEE /* Builder */,
			);
			path = Global;
			sourceTree = "<group>";
		};
		96C3749524F9977E00D9DAEE /* Config */ = {
			isa = PBXGroup;
			children = (
				96C3749724F997A200D9DAEE /* Config.swift */,
			);
			path = Config;
			sourceTree = "<group>";
		};
		96C3749624F9978A00D9DAEE /* Constants */ = {
			isa = PBXGroup;
			children = (
				96C3749924F9980E00D9DAEE /* Constants.swift */,
				96C3749B24F998A800D9DAEE /* Endpoints.swift */,
			);
			path = Constants;
			sourceTree = "<group>";
		};
		96C3749D24F998D100D9DAEE /* Builder */ = {
			isa = PBXGroup;
			children = (
				96C3749E24F998F200D9DAEE /* Builder.swift */,
			);
			path = Builder;
			sourceTree = "<group>";
		};
		96C374A024F9991F00D9DAEE /* App */ = {
			isa = PBXGroup;
			children = (
				96C3747224F9919900D9DAEE /* AppDelegate.swift */,
				96C374C624FAC5E000D9DAEE /* AppController.swift */,
				96C374C824FAC6C800D9DAEE /* AppWireframe.swift */,
			);
			path = App;
			sourceTree = "<group>";
		};
		96C374A124F9994600D9DAEE /* Sections */ = {
			isa = PBXGroup;
			children = (
				96C374A224F9995000D9DAEE /* Products */,
			);
			path = Sections;
			sourceTree = "<group>";
		};
		96C374A224F9995000D9DAEE /* Products */ = {
			isa = PBXGroup;
			children = (
				96C374CA24FAC71B00D9DAEE /* ProductsWireframe.swift */,
				96C3747624F9919900D9DAEE /* ProductsVC.swift */,
				96C374CC24FAC85D00D9DAEE /* ProductsPresenter.swift */,
				96C3747824F9919900D9DAEE /* Products.storyboard */,
			);
			path = Products;
			sourceTree = "<group>";
		};
		96C374A324F9996800D9DAEE /* Common */ = {
			isa = PBXGroup;
			children = (
				96C374BF24FABEE300D9DAEE /* Interactors */,
				96C374BC24FABC5500D9DAEE /* Support */,
				96C374B624FAB45200D9DAEE /* Model */,
				96C374AB24FA912E00D9DAEE /* Network */,
			);
			path = Common;
			sourceTree = "<group>";
		};
		96C374A624F999AF00D9DAEE /* Resources */ = {
			isa = PBXGroup;
			children = (
				96C3747D24F9919D00D9DAEE /* LaunchScreen.storyboard */,
				96C3747B24F9919D00D9DAEE /* Assets.xcassets */,
			);
			path = Resources;
			sourceTree = "<group>";
		};
		96C374A724F999CE00D9DAEE /* Supporting Files */ = {
			isa = PBXGroup;
			children = (
				96C3748024F9919D00D9DAEE /* Info.plist */,
			);
			path = "Supporting Files";
			sourceTree = "<group>";
		};
		96C374AB24FA912E00D9DAEE /* Network */ = {
			isa = PBXGroup;
			children = (
				96C374AD24FA914200D9DAEE /* Request.swift */,
				96C374AC24FA914200D9DAEE /* Response.swift */,
				96C374B024FA92C400D9DAEE /* RequestLogger.swift */,
				96C374B924FAB55400D9DAEE /* Services */,
			);
			path = Network;
			sourceTree = "<group>";
		};
		96C374B624FAB45200D9DAEE /* Model */ = {
			isa = PBXGroup;
			children = (
				96C374B724FAB46000D9DAEE /* Product.swift */,
			);
			path = Model;
			sourceTree = "<group>";
		};
		96C374B924FAB55400D9DAEE /* Services */ = {
			isa = PBXGroup;
			children = (
				96C374BA24FAB57000D9DAEE /* ProductService.swift */,
			);
			path = Services;
			sourceTree = "<group>";
		};
		96C374BC24FABC5500D9DAEE /* Support */ = {
			isa = PBXGroup;
			children = (
				96C374C324FAC12800D9DAEE /* Utils */,
				96C374C224FAC0FF00D9DAEE /* Extensions */,
			);
			path = Support;
			sourceTree = "<group>";
		};
		96C374BF24FABEE300D9DAEE /* Interactors */ = {
			isa = PBXGroup;
			children = (
				96C374C024FABEF800D9DAEE /* ProductInteractor.swift */,
			);
			path = Interactors;
			sourceTree = "<group>";
		};
		96C374C224FAC0FF00D9DAEE /* Extensions */ = {
			isa = PBXGroup;
			children = (
				96C374BD24FABC8300D9DAEE /* JSONDecoder.swift */,
			);
			path = Extensions;
			sourceTree = "<group>";
		};
		96C374C324FAC12800D9DAEE /* Utils */ = {
			isa = PBXGroup;
			children = (
				96C374C424FAC13200D9DAEE /* Instantiable.swift */,
			);
			path = Utils;
			sourceTree = "<group>";
		};
/* End PBXGroup section */

/* Begin PBXNativeTarget section */
		96C3746E24F9919900D9DAEE /* wishlist */ = {
			isa = PBXNativeTarget;
			buildConfigurationList = 96C3748E24F9919D00D9DAEE /* Build configuration list for PBXNativeTarget "wishlist" */;
			buildPhases = (
				96C3746B24F9919900D9DAEE /* Sources */,
				96C3746C24F9919900D9DAEE /* Frameworks */,
				96C3746D24F9919900D9DAEE /* Resources */,
			);
			buildRules = (
			);
			dependencies = (
			);
			name = wishlist;
			packageProductDependencies = (
				96C374A924F99A4700D9DAEE /* Nuke */,
			);
			productName = wishlist;
			productReference = 96C3746F24F9919900D9DAEE /* wishlist.app */;
			productType = "com.apple.product-type.application";
		};
		96C3748424F9919D00D9DAEE /* wishlistTests */ = {
			isa = PBXNativeTarget;
			buildConfigurationList = 96C3749124F9919D00D9DAEE /* Build configuration list for PBXNativeTarget "wishlistTests" */;
			buildPhases = (
				96C3748124F9919D00D9DAEE /* Sources */,
				96C3748224F9919D00D9DAEE /* Frameworks */,
				96C3748324F9919D00D9DAEE /* Resources */,
			);
			buildRules = (
			);
			dependencies = (
				96C3748724F9919D00D9DAEE /* PBXTargetDependency */,
			);
			name = wishlistTests;
			productName = wishlistTests;
			productReference = 96C3748524F9919D00D9DAEE /* wishlistTests.xctest */;
			productType = "com.apple.product-type.bundle.unit-test";
		};
/* End PBXNativeTarget section */

/* Begin PBXProject section */
		96C3746724F9919900D9DAEE /* Project object */ = {
			isa = PBXProject;
			attributes = {
				LastSwiftUpdateCheck = 1140;
				LastUpgradeCheck = 1140;
				ORGANIZATIONNAME = "Jerilyn Gonçalves";
				TargetAttributes = {
					96C3746E24F9919900D9DAEE = {
						CreatedOnToolsVersion = 11.4.1;
					};
					96C3748424F9919D00D9DAEE = {
						CreatedOnToolsVersion = 11.4.1;
						TestTargetID = 96C3746E24F9919900D9DAEE;
					};
				};
			};
			buildConfigurationList = 96C3746A24F9919900D9DAEE /* Build configuration list for PBXProject "wishlist" */;
			compatibilityVersion = "Xcode 9.3";
			developmentRegion = en;
			hasScannedForEncodings = 0;
			knownRegions = (
				en,
				Base,
			);
			mainGroup = 96C3746624F9919900D9DAEE;
			packageReferences = (
				96C374A824F99A4700D9DAEE /* XCRemoteSwiftPackageReference "Nuke" */,
			);
			productRefGroup = 96C3747024F9919900D9DAEE /* Products */;
			projectDirPath = "";
			projectRoot = "";
			targets = (
				96C3746E24F9919900D9DAEE /* wishlist */,
				96C3748424F9919D00D9DAEE /* wishlistTests */,
			);
		};
/* End PBXProject section */

/* Begin PBXResourcesBuildPhase section */
		96C3746D24F9919900D9DAEE /* Resources */ = {
			isa = PBXResourcesBuildPhase;
			buildActionMask = 2147483647;
			files = (
				96C3747F24F9919D00D9DAEE /* LaunchScreen.storyboard in Resources */,
				96C3747C24F9919D00D9DAEE /* Assets.xcassets in Resources */,
				96C3747A24F9919900D9DAEE /* Products.storyboard in Resources */,
			);
			runOnlyForDeploymentPostprocessing = 0;
		};
		96C3748324F9919D00D9DAEE /* Resources */ = {
			isa = PBXResourcesBuildPhase;
			buildActionMask = 2147483647;
			files = (
			);
			runOnlyForDeploymentPostprocessing = 0;
		};
/* End PBXResourcesBuildPhase section */

/* Begin PBXSourcesBuildPhase section */
		96C3746B24F9919900D9DAEE /* Sources */ = {
			isa = PBXSourcesBuildPhase;
			buildActionMask = 2147483647;
			files = (
				96C374C924FAC6C800D9DAEE /* AppWireframe.swift in Sources */,
				96C374BE24FABC8300D9DAEE /* JSONDecoder.swift in Sources */,
				96C374AE24FA914200D9DAEE /* Response.swift in Sources */,
				96C374CB24FAC71B00D9DAEE /* ProductsWireframe.swift in Sources */,
				96C3749A24F9980E00D9DAEE /* Constants.swift in Sources */,
				96C374C724FAC5E000D9DAEE /* AppController.swift in Sources */,
				96C374CD24FAC85D00D9DAEE /* ProductsPresenter.swift in Sources */,
				96C3747724F9919900D9DAEE /* ProductsVC.swift in Sources */,
				96C374B124FA92C400D9DAEE /* RequestLogger.swift in Sources */,
				96C3749F24F998F200D9DAEE /* Builder.swift in Sources */,
				96C374BB24FAB57000D9DAEE /* ProductService.swift in Sources */,
				96C374C524FAC13200D9DAEE /* Instantiable.swift in Sources */,
				96C374B824FAB46000D9DAEE /* Product.swift in Sources */,
				96C3749824F997A200D9DAEE /* Config.swift in Sources */,
				96C3747324F9919900D9DAEE /* AppDelegate.swift in Sources */,
				96C374C124FABEF800D9DAEE /* ProductInteractor.swift in Sources */,
				96C3749C24F998A800D9DAEE /* Endpoints.swift in Sources */,
				96C374AF24FA914200D9DAEE /* Request.swift in Sources */,
			);
			runOnlyForDeploymentPostprocessing = 0;
		};
		96C3748124F9919D00D9DAEE /* Sources */ = {
			isa = PBXSourcesBuildPhase;
			buildActionMask = 2147483647;
			files = (
				96C3748A24F9919D00D9DAEE /* wishlistTests.swift in Sources */,
			);
			runOnlyForDeploymentPostprocessing = 0;
		};
/* End PBXSourcesBuildPhase section */

/* Begin PBXTargetDependency section */
		96C3748724F9919D00D9DAEE /* PBXTargetDependency */ = {
			isa = PBXTargetDependency;
			target = 96C3746E24F9919900D9DAEE /* wishlist */;
			targetProxy = 96C3748624F9919D00D9DAEE /* PBXContainerItemProxy */;
		};
/* End PBXTargetDependency section */

/* Begin PBXVariantGroup section */
		96C3747824F9919900D9DAEE /* Products.storyboard */ = {
			isa = PBXVariantGroup;
			children = (
				96C3747924F9919900D9DAEE /* Base */,
			);
			name = Products.storyboard;
			sourceTree = "<group>";
		};
		96C3747D24F9919D00D9DAEE /* LaunchScreen.storyboard */ = {
			isa = PBXVariantGroup;
			children = (
				96C3747E24F9919D00D9DAEE /* Base */,
			);
			name = LaunchScreen.storyboard;
			sourceTree = "<group>";
		};
/* End PBXVariantGroup section */

/* Begin XCBuildConfiguration section */
		96C3748C24F9919D00D9DAEE /* Debug */ = {
			isa = XCBuildConfiguration;
			buildSettings = {
				ALWAYS_SEARCH_USER_PATHS = NO;
				CLANG_ANALYZER_NONNULL = YES;
				CLANG_ANALYZER_NUMBER_OBJECT_CONVERSION = YES_AGGRESSIVE;
				CLANG_CXX_LANGUAGE_STANDARD = "gnu++14";
				CLANG_CXX_LIBRARY = "libc++";
				CLANG_ENABLE_MODULES = YES;
				CLANG_ENABLE_OBJC_ARC = YES;
				CLANG_ENABLE_OBJC_WEAK = YES;
				CLANG_WARN_BLOCK_CAPTURE_AUTORELEASING = YES;
				CLANG_WARN_BOOL_CONVERSION = YES;
				CLANG_WARN_COMMA = YES;
				CLANG_WARN_CONSTANT_CONVERSION = YES;
				CLANG_WARN_DEPRECATED_OBJC_IMPLEMENTATIONS = YES;
				CLANG_WARN_DIRECT_OBJC_ISA_USAGE = YES_ERROR;
				CLANG_WARN_DOCUMENTATION_COMMENTS = YES;
				CLANG_WARN_EMPTY_BODY = YES;
				CLANG_WARN_ENUM_CONVERSION = YES;
				CLANG_WARN_INFINITE_RECURSION = YES;
				CLANG_WARN_INT_CONVERSION = YES;
				CLANG_WARN_NON_LITERAL_NULL_CONVERSION = YES;
				CLANG_WARN_OBJC_IMPLICIT_RETAIN_SELF = YES;
				CLANG_WARN_OBJC_LITERAL_CONVERSION = YES;
				CLANG_WARN_OBJC_ROOT_CLASS = YES_ERROR;
				CLANG_WARN_RANGE_LOOP_ANALYSIS = YES;
				CLANG_WARN_STRICT_PROTOTYPES = YES;
				CLANG_WARN_SUSPICIOUS_MOVE = YES;
				CLANG_WARN_UNGUARDED_AVAILABILITY = YES_AGGRESSIVE;
				CLANG_WARN_UNREACHABLE_CODE = YES;
				CLANG_WARN__DUPLICATE_METHOD_MATCH = YES;
				COPY_PHASE_STRIP = NO;
				DEBUG_INFORMATION_FORMAT = dwarf;
				ENABLE_STRICT_OBJC_MSGSEND = YES;
				ENABLE_TESTABILITY = YES;
				GCC_C_LANGUAGE_STANDARD = gnu11;
				GCC_DYNAMIC_NO_PIC = NO;
				GCC_NO_COMMON_BLOCKS = YES;
				GCC_OPTIMIZATION_LEVEL = 0;
				GCC_PREPROCESSOR_DEFINITIONS = (
					"DEBUG=1",
					"$(inherited)",
				);
				GCC_WARN_64_TO_32_BIT_CONVERSION = YES;
				GCC_WARN_ABOUT_RETURN_TYPE = YES_ERROR;
				GCC_WARN_UNDECLARED_SELECTOR = YES;
				GCC_WARN_UNINITIALIZED_AUTOS = YES_AGGRESSIVE;
				GCC_WARN_UNUSED_FUNCTION = YES;
				GCC_WARN_UNUSED_VARIABLE = YES;
				IPHONEOS_DEPLOYMENT_TARGET = 13.4;
				MTL_ENABLE_DEBUG_INFO = INCLUDE_SOURCE;
				MTL_FAST_MATH = YES;
				ONLY_ACTIVE_ARCH = YES;
				SDKROOT = iphoneos;
				SWIFT_ACTIVE_COMPILATION_CONDITIONS = DEBUG;
				SWIFT_OPTIMIZATION_LEVEL = "-Onone";
			};
			name = Debug;
		};
		96C3748D24F9919D00D9DAEE /* Release */ = {
			isa = XCBuildConfiguration;
			buildSettings = {
				ALWAYS_SEARCH_USER_PATHS = NO;
				CLANG_ANALYZER_NONNULL = YES;
				CLANG_ANALYZER_NUMBER_OBJECT_CONVERSION = YES_AGGRESSIVE;
				CLANG_CXX_LANGUAGE_STANDARD = "gnu++14";
				CLANG_CXX_LIBRARY = "libc++";
				CLANG_ENABLE_MODULES = YES;
				CLANG_ENABLE_OBJC_ARC = YES;
				CLANG_ENABLE_OBJC_WEAK = YES;
				CLANG_WARN_BLOCK_CAPTURE_AUTORELEASING = YES;
				CLANG_WARN_BOOL_CONVERSION = YES;
				CLANG_WARN_COMMA = YES;
				CLANG_WARN_CONSTANT_CONVERSION = YES;
				CLANG_WARN_DEPRECATED_OBJC_IMPLEMENTATIONS = YES;
				CLANG_WARN_DIRECT_OBJC_ISA_USAGE = YES_ERROR;
				CLANG_WARN_DOCUMENTATION_COMMENTS = YES;
				CLANG_WARN_EMPTY_BODY = YES;
				CLANG_WARN_ENUM_CONVERSION = YES;
				CLANG_WARN_INFINITE_RECURSION = YES;
				CLANG_WARN_INT_CONVERSION = YES;
				CLANG_WARN_NON_LITERAL_NULL_CONVERSION = YES;
				CLANG_WARN_OBJC_IMPLICIT_RETAIN_SELF = YES;
				CLANG_WARN_OBJC_LITERAL_CONVERSION = YES;
				CLANG_WARN_OBJC_ROOT_CLASS = YES_ERROR;
				CLANG_WARN_RANGE_LOOP_ANALYSIS = YES;
				CLANG_WARN_STRICT_PROTOTYPES = YES;
				CLANG_WARN_SUSPICIOUS_MOVE = YES;
				CLANG_WARN_UNGUARDED_AVAILABILITY = YES_AGGRESSIVE;
				CLANG_WARN_UNREACHABLE_CODE = YES;
				CLANG_WARN__DUPLICATE_METHOD_MATCH = YES;
				COPY_PHASE_STRIP = NO;
				DEBUG_INFORMATION_FORMAT = "dwarf-with-dsym";
				ENABLE_NS_ASSERTIONS = NO;
				ENABLE_STRICT_OBJC_MSGSEND = YES;
				GCC_C_LANGUAGE_STANDARD = gnu11;
				GCC_NO_COMMON_BLOCKS = YES;
				GCC_WARN_64_TO_32_BIT_CONVERSION = YES;
				GCC_WARN_ABOUT_RETURN_TYPE = YES_ERROR;
				GCC_WARN_UNDECLARED_SELECTOR = YES;
				GCC_WARN_UNINITIALIZED_AUTOS = YES_AGGRESSIVE;
				GCC_WARN_UNUSED_FUNCTION = YES;
				GCC_WARN_UNUSED_VARIABLE = YES;
				IPHONEOS_DEPLOYMENT_TARGET = 13.4;
				MTL_ENABLE_DEBUG_INFO = NO;
				MTL_FAST_MATH = YES;
				SDKROOT = iphoneos;
				SWIFT_COMPILATION_MODE = wholemodule;
				SWIFT_OPTIMIZATION_LEVEL = "-O";
				VALIDATE_PRODUCT = YES;
			};
			name = Release;
		};
		96C3748F24F9919D00D9DAEE /* Debug */ = {
			isa = XCBuildConfiguration;
			buildSettings = {
				ASSETCATALOG_COMPILER_APPICON_NAME = AppIcon;
				CODE_SIGN_STYLE = Automatic;
				DEVELOPMENT_TEAM = KG2RNVFZX3;
				INFOPLIST_FILE = "wishlist/Supporting Files/Info.plist";
				IPHONEOS_DEPLOYMENT_TARGET = 13.0;
				LD_RUNPATH_SEARCH_PATHS = (
					"$(inherited)",
					"@executable_path/Frameworks",
				);
				PRODUCT_BUNDLE_IDENTIFIER = com.jerilyn.goncalves.wishlist;
				PRODUCT_NAME = "$(TARGET_NAME)";
				SWIFT_VERSION = 5.0;
				TARGETED_DEVICE_FAMILY = 1;
			};
			name = Debug;
		};
		96C3749024F9919D00D9DAEE /* Release */ = {
			isa = XCBuildConfiguration;
			buildSettings = {
				ASSETCATALOG_COMPILER_APPICON_NAME = AppIcon;
				CODE_SIGN_STYLE = Automatic;
				DEVELOPMENT_TEAM = KG2RNVFZX3;
				INFOPLIST_FILE = "wishlist/Supporting Files/Info.plist";
				IPHONEOS_DEPLOYMENT_TARGET = 13.0;
				LD_RUNPATH_SEARCH_PATHS = (
					"$(inherited)",
					"@executable_path/Frameworks",
				);
				PRODUCT_BUNDLE_IDENTIFIER = com.jerilyn.goncalves.wishlist;
				PRODUCT_NAME = "$(TARGET_NAME)";
				SWIFT_VERSION = 5.0;
				TARGETED_DEVICE_FAMILY = 1;
			};
			name = Release;
		};
		96C3749224F9919D00D9DAEE /* Debug */ = {
			isa = XCBuildConfiguration;
			buildSettings = {
				ALWAYS_EMBED_SWIFT_STANDARD_LIBRARIES = YES;
				BUNDLE_LOADER = "$(TEST_HOST)";
				CODE_SIGN_STYLE = Automatic;
				DEVELOPMENT_TEAM = KG2RNVFZX3;
				INFOPLIST_FILE = wishlistTests/Info.plist;
				IPHONEOS_DEPLOYMENT_TARGET = 13.4;
				LD_RUNPATH_SEARCH_PATHS = (
					"$(inherited)",
					"@executable_path/Frameworks",
					"@loader_path/Frameworks",
				);
				PRODUCT_BUNDLE_IDENTIFIER = com.jerilyn.goncalves.wishlistTests;
				PRODUCT_NAME = "$(TARGET_NAME)";
				SWIFT_VERSION = 5.0;
				TARGETED_DEVICE_FAMILY = "1,2";
				TEST_HOST = "$(BUILT_PRODUCTS_DIR)/wishlist.app/wishlist";
			};
			name = Debug;
		};
		96C3749324F9919D00D9DAEE /* Release */ = {
			isa = XCBuildConfiguration;
			buildSettings = {
				ALWAYS_EMBED_SWIFT_STANDARD_LIBRARIES = YES;
				BUNDLE_LOADER = "$(TEST_HOST)";
				CODE_SIGN_STYLE = Automatic;
				DEVELOPMENT_TEAM = KG2RNVFZX3;
				INFOPLIST_FILE = wishlistTests/Info.plist;
				IPHONEOS_DEPLOYMENT_TARGET = 13.4;
				LD_RUNPATH_SEARCH_PATHS = (
					"$(inherited)",
					"@executable_path/Frameworks",
					"@loader_path/Frameworks",
				);
				PRODUCT_BUNDLE_IDENTIFIER = com.jerilyn.goncalves.wishlistTests;
				PRODUCT_NAME = "$(TARGET_NAME)";
				SWIFT_VERSION = 5.0;
				TARGETED_DEVICE_FAMILY = "1,2";
				TEST_HOST = "$(BUILT_PRODUCTS_DIR)/wishlist.app/wishlist";
			};
			name = Release;
		};
/* End XCBuildConfiguration section */

/* Begin XCConfigurationList section */
		96C3746A24F9919900D9DAEE /* Build configuration list for PBXProject "wishlist" */ = {
			isa = XCConfigurationList;
			buildConfigurations = (
				96C3748C24F9919D00D9DAEE /* Debug */,
				96C3748D24F9919D00D9DAEE /* Release */,
			);
			defaultConfigurationIsVisible = 0;
			defaultConfigurationName = Release;
		};
		96C3748E24F9919D00D9DAEE /* Build configuration list for PBXNativeTarget "wishlist" */ = {
			isa = XCConfigurationList;
			buildConfigurations = (
				96C3748F24F9919D00D9DAEE /* Debug */,
				96C3749024F9919D00D9DAEE /* Release */,
			);
			defaultConfigurationIsVisible = 0;
			defaultConfigurationName = Release;
		};
		96C3749124F9919D00D9DAEE /* Build configuration list for PBXNativeTarget "wishlistTests" */ = {
			isa = XCConfigurationList;
			buildConfigurations = (
				96C3749224F9919D00D9DAEE /* Debug */,
				96C3749324F9919D00D9DAEE /* Release */,
			);
			defaultConfigurationIsVisible = 0;
			defaultConfigurationName = Release;
		};
/* End XCConfigurationList section */

/* Begin XCRemoteSwiftPackageReference section */
		96C374A824F99A4700D9DAEE /* XCRemoteSwiftPackageReference "Nuke" */ = {
			isa = XCRemoteSwiftPackageReference;
			repositoryURL = "https://github.com/kean/Nuke.git";
			requirement = {
				kind = upToNextMajorVersion;
				minimumVersion = 9.1.2;
			};
		};
/* End XCRemoteSwiftPackageReference section */

/* Begin XCSwiftPackageProductDependency section */
		96C374A924F99A4700D9DAEE /* Nuke */ = {
			isa = XCSwiftPackageProductDependency;
			package = 96C374A824F99A4700D9DAEE /* XCRemoteSwiftPackageReference "Nuke" */;
			productName = Nuke;
		};
/* End XCSwiftPackageProductDependency section */
	};
	rootObject = 96C3746724F9919900D9DAEE /* Project object */;
}
